// !$*UTF8*$!
{
	archiveVersion = 1;
	classes = {
	};
	objectVersion = 46;
	objects = {

/* Begin PBXBuildFile section */
		29D3998D1E0B39EF00357FE5 /* ParseTests.swift in Sources */ = {isa = PBXBuildFile; fileRef = 29D3998B1E0B39B100357FE5 /* ParseTests.swift */; };
		OBJ_100 /* Funky.framework in Frameworks */ = {isa = PBXBuildFile; fileRef = OBJ_55 /* Funky.framework */; };
		OBJ_101 /* Parsey.framework in Frameworks */ = {isa = PBXBuildFile; fileRef = OBJ_56 /* Parsey.framework */; };
		OBJ_102 /* DLVM.framework in Frameworks */ = {isa = PBXBuildFile; fileRef = OBJ_58 /* DLVM.framework */; };
		OBJ_111 /* BasicBlock.swift in Sources */ = {isa = PBXBuildFile; fileRef = OBJ_28 /* BasicBlock.swift */; };
		OBJ_112 /* BPGen.swift in Sources */ = {isa = PBXBuildFile; fileRef = OBJ_29 /* BPGen.swift */; };
		OBJ_113 /* ExecutionEngine.swift in Sources */ = {isa = PBXBuildFile; fileRef = OBJ_30 /* ExecutionEngine.swift */; };
		OBJ_114 /* Instruction.swift in Sources */ = {isa = PBXBuildFile; fileRef = OBJ_31 /* Instruction.swift */; };
		OBJ_115 /* IR.swift in Sources */ = {isa = PBXBuildFile; fileRef = OBJ_32 /* IR.swift */; };
		OBJ_116 /* IRBuilder.swift in Sources */ = {isa = PBXBuildFile; fileRef = OBJ_33 /* IRBuilder.swift */; };
		OBJ_117 /* PrettyPrint.swift in Sources */ = {isa = PBXBuildFile; fileRef = OBJ_34 /* PrettyPrint.swift */; };
		OBJ_118 /* Tensor.swift in Sources */ = {isa = PBXBuildFile; fileRef = OBJ_35 /* Tensor.swift */; };
		OBJ_119 /* Types.swift in Sources */ = {isa = PBXBuildFile; fileRef = OBJ_36 /* Types.swift */; };
		OBJ_121 /* Funky.framework in Frameworks */ = {isa = PBXBuildFile; fileRef = OBJ_55 /* Funky.framework */; };
		OBJ_122 /* Parsey.framework in Frameworks */ = {isa = PBXBuildFile; fileRef = OBJ_56 /* Parsey.framework */; };
		OBJ_130 /* Grammar.swift in Sources */ = {isa = PBXBuildFile; fileRef = OBJ_38 /* Grammar.swift */; };
		OBJ_131 /* main.swift in Sources */ = {isa = PBXBuildFile; fileRef = OBJ_39 /* main.swift */; };
		OBJ_133 /* Funky.framework in Frameworks */ = {isa = PBXBuildFile; fileRef = OBJ_55 /* Funky.framework */; };
		OBJ_134 /* Parsey.framework in Frameworks */ = {isa = PBXBuildFile; fileRef = OBJ_56 /* Parsey.framework */; };
		OBJ_135 /* DLVM.framework in Frameworks */ = {isa = PBXBuildFile; fileRef = OBJ_58 /* DLVM.framework */; };
		OBJ_144 /* AST.swift in Sources */ = {isa = PBXBuildFile; fileRef = OBJ_41 /* AST.swift */; };
		OBJ_145 /* Expression.swift in Sources */ = {isa = PBXBuildFile; fileRef = OBJ_42 /* Expression.swift */; };
		OBJ_146 /* Grammar.swift in Sources */ = {isa = PBXBuildFile; fileRef = OBJ_43 /* Grammar.swift */; };
		OBJ_147 /* Sema.swift in Sources */ = {isa = PBXBuildFile; fileRef = OBJ_44 /* Sema.swift */; };
		OBJ_149 /* Funky.framework in Frameworks */ = {isa = PBXBuildFile; fileRef = OBJ_55 /* Funky.framework */; };
		OBJ_150 /* Parsey.framework in Frameworks */ = {isa = PBXBuildFile; fileRef = OBJ_56 /* Parsey.framework */; };
		OBJ_151 /* DLVM.framework in Frameworks */ = {isa = PBXBuildFile; fileRef = OBJ_58 /* DLVM.framework */; };
		OBJ_160 /* main.swift in Sources */ = {isa = PBXBuildFile; fileRef = OBJ_46 /* main.swift */; };
		OBJ_162 /* Funky.framework in Frameworks */ = {isa = PBXBuildFile; fileRef = OBJ_55 /* Funky.framework */; };
		OBJ_163 /* Parsey.framework in Frameworks */ = {isa = PBXBuildFile; fileRef = OBJ_56 /* Parsey.framework */; };
		OBJ_164 /* DLVM.framework in Frameworks */ = {isa = PBXBuildFile; fileRef = OBJ_58 /* DLVM.framework */; };
		OBJ_165 /* TEL.framework in Frameworks */ = {isa = PBXBuildFile; fileRef = OBJ_60 /* TEL.framework */; };
		OBJ_175 /* DLVMTests.swift in Sources */ = {isa = PBXBuildFile; fileRef = OBJ_49 /* DLVMTests.swift */; };
		OBJ_177 /* Funky.framework in Frameworks */ = {isa = PBXBuildFile; fileRef = OBJ_55 /* Funky.framework */; };
		OBJ_178 /* Parsey.framework in Frameworks */ = {isa = PBXBuildFile; fileRef = OBJ_56 /* Parsey.framework */; };
		OBJ_179 /* DLVM.framework in Frameworks */ = {isa = PBXBuildFile; fileRef = OBJ_58 /* DLVM.framework */; };
		OBJ_188 /* TELTests.swift in Sources */ = {isa = PBXBuildFile; fileRef = OBJ_51 /* TELTests.swift */; };
		OBJ_190 /* Funky.framework in Frameworks */ = {isa = PBXBuildFile; fileRef = OBJ_55 /* Funky.framework */; };
		OBJ_191 /* Parsey.framework in Frameworks */ = {isa = PBXBuildFile; fileRef = OBJ_56 /* Parsey.framework */; };
		OBJ_192 /* DLVM.framework in Frameworks */ = {isa = PBXBuildFile; fileRef = OBJ_58 /* DLVM.framework */; };
		OBJ_193 /* TEL.framework in Frameworks */ = {isa = PBXBuildFile; fileRef = OBJ_60 /* TEL.framework */; };
		OBJ_69 /* Array.swift in Sources */ = {isa = PBXBuildFile; fileRef = OBJ_9 /* Array.swift */; };
		OBJ_70 /* Associative.swift in Sources */ = {isa = PBXBuildFile; fileRef = OBJ_10 /* Associative.swift */; };
		OBJ_71 /* Collection.swift in Sources */ = {isa = PBXBuildFile; fileRef = OBJ_11 /* Collection.swift */; };
		OBJ_72 /* Function.swift in Sources */ = {isa = PBXBuildFile; fileRef = OBJ_12 /* Function.swift */; };
		OBJ_73 /* Mappable.swift in Sources */ = {isa = PBXBuildFile; fileRef = OBJ_13 /* Mappable.swift */; };
		OBJ_74 /* Numeric.swift in Sources */ = {isa = PBXBuildFile; fileRef = OBJ_14 /* Numeric.swift */; };
		OBJ_75 /* Operators.swift in Sources */ = {isa = PBXBuildFile; fileRef = OBJ_15 /* Operators.swift */; };
		OBJ_76 /* Optional.swift in Sources */ = {isa = PBXBuildFile; fileRef = OBJ_16 /* Optional.swift */; };
		OBJ_77 /* Reducible.swift in Sources */ = {isa = PBXBuildFile; fileRef = OBJ_17 /* Reducible.swift */; };
		OBJ_78 /* Set.swift in Sources */ = {isa = PBXBuildFile; fileRef = OBJ_18 /* Set.swift */; };
		OBJ_85 /* Combinators.swift in Sources */ = {isa = PBXBuildFile; fileRef = OBJ_20 /* Combinators.swift */; };
		OBJ_86 /* Error.swift in Sources */ = {isa = PBXBuildFile; fileRef = OBJ_21 /* Error.swift */; };
		OBJ_87 /* Lexer.swift in Sources */ = {isa = PBXBuildFile; fileRef = OBJ_22 /* Lexer.swift */; };
		OBJ_88 /* Location.swift in Sources */ = {isa = PBXBuildFile; fileRef = OBJ_23 /* Location.swift */; };
		OBJ_89 /* Parser.swift in Sources */ = {isa = PBXBuildFile; fileRef = OBJ_24 /* Parser.swift */; };
		OBJ_91 /* Funky.framework in Frameworks */ = {isa = PBXBuildFile; fileRef = OBJ_55 /* Funky.framework */; };
		OBJ_98 /* main.swift in Sources */ = {isa = PBXBuildFile; fileRef = OBJ_26 /* main.swift */; };
/* End PBXBuildFile section */

/* Begin PBXContainerItemProxy section */
		29D399741E0B396600357FE5 /* PBXContainerItemProxy */ = {
			isa = PBXContainerItemProxy;
			containerPortal = OBJ_1 /* Project object */;
			proxyType = 1;
			remoteGlobalIDString = OBJ_64;
			remoteInfo = Funky;
		};
		29D399751E0B396600357FE5 /* PBXContainerItemProxy */ = {
			isa = PBXContainerItemProxy;
			containerPortal = OBJ_1 /* Project object */;
			proxyType = 1;
			remoteGlobalIDString = OBJ_64;
			remoteInfo = Funky;
		};
		29D399761E0B396600357FE5 /* PBXContainerItemProxy */ = {
			isa = PBXContainerItemProxy;
			containerPortal = OBJ_1 /* Project object */;
			proxyType = 1;
			remoteGlobalIDString = OBJ_80;
			remoteInfo = Parsey;
		};
		29D399771E0B396600357FE5 /* PBXContainerItemProxy */ = {
			isa = PBXContainerItemProxy;
			containerPortal = OBJ_1 /* Project object */;
			proxyType = 1;
			remoteGlobalIDString = OBJ_106;
			remoteInfo = DLVM;
		};
		29D399781E0B396600357FE5 /* PBXContainerItemProxy */ = {
			isa = PBXContainerItemProxy;
			containerPortal = OBJ_1 /* Project object */;
			proxyType = 1;
			remoteGlobalIDString = OBJ_64;
			remoteInfo = Funky;
		};
		29D399791E0B396600357FE5 /* PBXContainerItemProxy */ = {
			isa = PBXContainerItemProxy;
			containerPortal = OBJ_1 /* Project object */;
			proxyType = 1;
			remoteGlobalIDString = OBJ_80;
			remoteInfo = Parsey;
		};
		29D3997A1E0B396600357FE5 /* PBXContainerItemProxy */ = {
			isa = PBXContainerItemProxy;
			containerPortal = OBJ_1 /* Project object */;
			proxyType = 1;
			remoteGlobalIDString = OBJ_64;
			remoteInfo = Funky;
		};
		29D3997B1E0B396600357FE5 /* PBXContainerItemProxy */ = {
			isa = PBXContainerItemProxy;
			containerPortal = OBJ_1 /* Project object */;
			proxyType = 1;
			remoteGlobalIDString = OBJ_80;
			remoteInfo = Parsey;
		};
		29D3997C1E0B396600357FE5 /* PBXContainerItemProxy */ = {
			isa = PBXContainerItemProxy;
			containerPortal = OBJ_1 /* Project object */;
			proxyType = 1;
			remoteGlobalIDString = OBJ_106;
			remoteInfo = DLVM;
		};
		29D3997D1E0B396600357FE5 /* PBXContainerItemProxy */ = {
			isa = PBXContainerItemProxy;
			containerPortal = OBJ_1 /* Project object */;
			proxyType = 1;
			remoteGlobalIDString = OBJ_64;
			remoteInfo = Funky;
		};
		29D3997E1E0B396600357FE5 /* PBXContainerItemProxy */ = {
			isa = PBXContainerItemProxy;
			containerPortal = OBJ_1 /* Project object */;
			proxyType = 1;
			remoteGlobalIDString = OBJ_80;
			remoteInfo = Parsey;
		};
		29D3997F1E0B396600357FE5 /* PBXContainerItemProxy */ = {
			isa = PBXContainerItemProxy;
			containerPortal = OBJ_1 /* Project object */;
			proxyType = 1;
			remoteGlobalIDString = OBJ_106;
			remoteInfo = DLVM;
		};
		29D399801E0B396600357FE5 /* PBXContainerItemProxy */ = {
			isa = PBXContainerItemProxy;
			containerPortal = OBJ_1 /* Project object */;
			proxyType = 1;
			remoteGlobalIDString = OBJ_64;
			remoteInfo = Funky;
		};
		29D399811E0B396600357FE5 /* PBXContainerItemProxy */ = {
			isa = PBXContainerItemProxy;
			containerPortal = OBJ_1 /* Project object */;
			proxyType = 1;
			remoteGlobalIDString = OBJ_80;
			remoteInfo = Parsey;
		};
		29D399821E0B396600357FE5 /* PBXContainerItemProxy */ = {
			isa = PBXContainerItemProxy;
			containerPortal = OBJ_1 /* Project object */;
			proxyType = 1;
			remoteGlobalIDString = OBJ_106;
			remoteInfo = DLVM;
		};
		29D399831E0B396600357FE5 /* PBXContainerItemProxy */ = {
			isa = PBXContainerItemProxy;
			containerPortal = OBJ_1 /* Project object */;
			proxyType = 1;
			remoteGlobalIDString = OBJ_139;
			remoteInfo = TEL;
		};
		29D399841E0B396600357FE5 /* PBXContainerItemProxy */ = {
			isa = PBXContainerItemProxy;
			containerPortal = OBJ_1 /* Project object */;
			proxyType = 1;
			remoteGlobalIDString = OBJ_64;
			remoteInfo = Funky;
		};
		29D399851E0B396600357FE5 /* PBXContainerItemProxy */ = {
			isa = PBXContainerItemProxy;
			containerPortal = OBJ_1 /* Project object */;
			proxyType = 1;
			remoteGlobalIDString = OBJ_80;
			remoteInfo = Parsey;
		};
		29D399861E0B396600357FE5 /* PBXContainerItemProxy */ = {
			isa = PBXContainerItemProxy;
			containerPortal = OBJ_1 /* Project object */;
			proxyType = 1;
			remoteGlobalIDString = OBJ_106;
			remoteInfo = DLVM;
		};
		29D399871E0B396600357FE5 /* PBXContainerItemProxy */ = {
			isa = PBXContainerItemProxy;
			containerPortal = OBJ_1 /* Project object */;
			proxyType = 1;
			remoteGlobalIDString = OBJ_64;
			remoteInfo = Funky;
		};
		29D399881E0B396600357FE5 /* PBXContainerItemProxy */ = {
			isa = PBXContainerItemProxy;
			containerPortal = OBJ_1 /* Project object */;
			proxyType = 1;
			remoteGlobalIDString = OBJ_80;
			remoteInfo = Parsey;
		};
		29D399891E0B396600357FE5 /* PBXContainerItemProxy */ = {
			isa = PBXContainerItemProxy;
			containerPortal = OBJ_1 /* Project object */;
			proxyType = 1;
			remoteGlobalIDString = OBJ_106;
			remoteInfo = DLVM;
		};
		29D3998A1E0B396600357FE5 /* PBXContainerItemProxy */ = {
			isa = PBXContainerItemProxy;
			containerPortal = OBJ_1 /* Project object */;
			proxyType = 1;
			remoteGlobalIDString = OBJ_139;
			remoteInfo = TEL;
		};
/* End PBXContainerItemProxy section */

/* Begin PBXFileReference section */
		29D3998B1E0B39B100357FE5 /* ParseTests.swift */ = {isa = PBXFileReference; fileEncoding = 4; lastKnownFileType = sourcecode.swift; path = ParseTests.swift; sourceTree = "<group>"; };
		OBJ_10 /* Associative.swift */ = {isa = PBXFileReference; lastKnownFileType = sourcecode.swift; path = Associative.swift; sourceTree = "<group>"; };
		OBJ_11 /* Collection.swift */ = {isa = PBXFileReference; lastKnownFileType = sourcecode.swift; path = Collection.swift; sourceTree = "<group>"; };
		OBJ_12 /* Function.swift */ = {isa = PBXFileReference; lastKnownFileType = sourcecode.swift; path = Function.swift; sourceTree = "<group>"; };
		OBJ_13 /* Mappable.swift */ = {isa = PBXFileReference; lastKnownFileType = sourcecode.swift; path = Mappable.swift; sourceTree = "<group>"; };
		OBJ_14 /* Numeric.swift */ = {isa = PBXFileReference; lastKnownFileType = sourcecode.swift; path = Numeric.swift; sourceTree = "<group>"; };
		OBJ_15 /* Operators.swift */ = {isa = PBXFileReference; lastKnownFileType = sourcecode.swift; path = Operators.swift; sourceTree = "<group>"; };
		OBJ_16 /* Optional.swift */ = {isa = PBXFileReference; lastKnownFileType = sourcecode.swift; path = Optional.swift; sourceTree = "<group>"; };
		OBJ_17 /* Reducible.swift */ = {isa = PBXFileReference; lastKnownFileType = sourcecode.swift; path = Reducible.swift; sourceTree = "<group>"; };
		OBJ_18 /* Set.swift */ = {isa = PBXFileReference; lastKnownFileType = sourcecode.swift; path = Set.swift; sourceTree = "<group>"; };
		OBJ_20 /* Combinators.swift */ = {isa = PBXFileReference; lastKnownFileType = sourcecode.swift; path = Combinators.swift; sourceTree = "<group>"; };
		OBJ_21 /* Error.swift */ = {isa = PBXFileReference; lastKnownFileType = sourcecode.swift; path = Error.swift; sourceTree = "<group>"; };
		OBJ_22 /* Lexer.swift */ = {isa = PBXFileReference; lastKnownFileType = sourcecode.swift; path = Lexer.swift; sourceTree = "<group>"; };
		OBJ_23 /* Location.swift */ = {isa = PBXFileReference; lastKnownFileType = sourcecode.swift; path = Location.swift; sourceTree = "<group>"; };
		OBJ_24 /* Parser.swift */ = {isa = PBXFileReference; lastKnownFileType = sourcecode.swift; path = Parser.swift; sourceTree = "<group>"; };
		OBJ_26 /* main.swift */ = {isa = PBXFileReference; lastKnownFileType = sourcecode.swift; path = main.swift; sourceTree = "<group>"; };
		OBJ_28 /* BasicBlock.swift */ = {isa = PBXFileReference; lastKnownFileType = sourcecode.swift; path = BasicBlock.swift; sourceTree = "<group>"; };
		OBJ_29 /* BPGen.swift */ = {isa = PBXFileReference; lastKnownFileType = sourcecode.swift; path = BPGen.swift; sourceTree = "<group>"; };
		OBJ_30 /* ExecutionEngine.swift */ = {isa = PBXFileReference; lastKnownFileType = sourcecode.swift; path = ExecutionEngine.swift; sourceTree = "<group>"; };
		OBJ_31 /* Instruction.swift */ = {isa = PBXFileReference; lastKnownFileType = sourcecode.swift; path = Instruction.swift; sourceTree = "<group>"; };
		OBJ_32 /* IR.swift */ = {isa = PBXFileReference; lastKnownFileType = sourcecode.swift; path = IR.swift; sourceTree = "<group>"; };
		OBJ_33 /* IRBuilder.swift */ = {isa = PBXFileReference; lastKnownFileType = sourcecode.swift; path = IRBuilder.swift; sourceTree = "<group>"; };
		OBJ_34 /* PrettyPrint.swift */ = {isa = PBXFileReference; lastKnownFileType = sourcecode.swift; path = PrettyPrint.swift; sourceTree = "<group>"; };
		OBJ_35 /* Tensor.swift */ = {isa = PBXFileReference; lastKnownFileType = sourcecode.swift; path = Tensor.swift; sourceTree = "<group>"; };
		OBJ_36 /* Types.swift */ = {isa = PBXFileReference; lastKnownFileType = sourcecode.swift; path = Types.swift; sourceTree = "<group>"; };
		OBJ_38 /* Grammar.swift */ = {isa = PBXFileReference; lastKnownFileType = sourcecode.swift; path = Grammar.swift; sourceTree = "<group>"; };
		OBJ_39 /* main.swift */ = {isa = PBXFileReference; lastKnownFileType = sourcecode.swift; path = main.swift; sourceTree = "<group>"; };
		OBJ_41 /* AST.swift */ = {isa = PBXFileReference; lastKnownFileType = sourcecode.swift; path = AST.swift; sourceTree = "<group>"; };
		OBJ_42 /* Expression.swift */ = {isa = PBXFileReference; lastKnownFileType = sourcecode.swift; path = Expression.swift; sourceTree = "<group>"; };
		OBJ_43 /* Grammar.swift */ = {isa = PBXFileReference; lastKnownFileType = sourcecode.swift; path = Grammar.swift; sourceTree = "<group>"; };
		OBJ_44 /* Sema.swift */ = {isa = PBXFileReference; lastKnownFileType = sourcecode.swift; path = Sema.swift; sourceTree = "<group>"; };
		OBJ_46 /* main.swift */ = {isa = PBXFileReference; lastKnownFileType = sourcecode.swift; path = main.swift; sourceTree = "<group>"; };
		OBJ_49 /* DLVMTests.swift */ = {isa = PBXFileReference; lastKnownFileType = sourcecode.swift; path = DLVMTests.swift; sourceTree = "<group>"; };
		OBJ_51 /* TELTests.swift */ = {isa = PBXFileReference; lastKnownFileType = sourcecode.swift; path = TELTests.swift; sourceTree = "<group>"; };
		OBJ_52 /* Build */ = {isa = PBXFileReference; lastKnownFileType = folder; path = Build; sourceTree = SOURCE_ROOT; };
		OBJ_53 /* Documentation */ = {isa = PBXFileReference; lastKnownFileType = folder; path = Documentation; sourceTree = SOURCE_ROOT; };
		OBJ_55 /* Funky.framework */ = {isa = PBXFileReference; explicitFileType = wrapper.framework; path = Funky.framework; sourceTree = BUILT_PRODUCTS_DIR; };
		OBJ_56 /* Parsey.framework */ = {isa = PBXFileReference; explicitFileType = wrapper.framework; path = Parsey.framework; sourceTree = BUILT_PRODUCTS_DIR; };
		OBJ_57 /* dlc */ = {isa = PBXFileReference; lastKnownFileType = text; path = dlc; sourceTree = BUILT_PRODUCTS_DIR; };
		OBJ_58 /* DLVM.framework */ = {isa = PBXFileReference; explicitFileType = wrapper.framework; path = DLVM.framework; sourceTree = BUILT_PRODUCTS_DIR; };
		OBJ_59 /* dlvm-dis */ = {isa = PBXFileReference; lastKnownFileType = text; path = "dlvm-dis"; sourceTree = BUILT_PRODUCTS_DIR; };
		OBJ_6 /* Package.swift */ = {isa = PBXFileReference; explicitFileType = sourcecode.swift; path = Package.swift; sourceTree = "<group>"; };
		OBJ_60 /* TEL.framework */ = {isa = PBXFileReference; explicitFileType = wrapper.framework; path = TEL.framework; sourceTree = BUILT_PRODUCTS_DIR; };
		OBJ_61 /* telc */ = {isa = PBXFileReference; lastKnownFileType = text; path = telc; sourceTree = BUILT_PRODUCTS_DIR; };
		OBJ_62 /* DLVMTests.xctest */ = {isa = PBXFileReference; lastKnownFileType = file; path = DLVMTests.xctest; sourceTree = BUILT_PRODUCTS_DIR; };
		OBJ_63 /* TELTests.xctest */ = {isa = PBXFileReference; lastKnownFileType = file; path = TELTests.xctest; sourceTree = BUILT_PRODUCTS_DIR; };
		OBJ_9 /* Array.swift */ = {isa = PBXFileReference; lastKnownFileType = sourcecode.swift; path = Array.swift; sourceTree = "<group>"; };
/* End PBXFileReference section */

/* Begin PBXFrameworksBuildPhase section */
		OBJ_120 /* Frameworks */ = {
			isa = PBXFrameworksBuildPhase;
			buildActionMask = 0;
			files = (
				OBJ_121 /* Funky.framework in Frameworks */,
				OBJ_122 /* Parsey.framework in Frameworks */,
			);
			runOnlyForDeploymentPostprocessing = 0;
		};
		OBJ_132 /* Frameworks */ = {
			isa = PBXFrameworksBuildPhase;
			buildActionMask = 0;
			files = (
				OBJ_133 /* Funky.framework in Frameworks */,
				OBJ_134 /* Parsey.framework in Frameworks */,
				OBJ_135 /* DLVM.framework in Frameworks */,
			);
			runOnlyForDeploymentPostprocessing = 0;
		};
		OBJ_148 /* Frameworks */ = {
			isa = PBXFrameworksBuildPhase;
			buildActionMask = 0;
			files = (
				OBJ_149 /* Funky.framework in Frameworks */,
				OBJ_150 /* Parsey.framework in Frameworks */,
				OBJ_151 /* DLVM.framework in Frameworks */,
			);
			runOnlyForDeploymentPostprocessing = 0;
		};
		OBJ_161 /* Frameworks */ = {
			isa = PBXFrameworksBuildPhase;
			buildActionMask = 0;
			files = (
				OBJ_162 /* Funky.framework in Frameworks */,
				OBJ_163 /* Parsey.framework in Frameworks */,
				OBJ_164 /* DLVM.framework in Frameworks */,
				OBJ_165 /* TEL.framework in Frameworks */,
			);
			runOnlyForDeploymentPostprocessing = 0;
		};
		OBJ_176 /* Frameworks */ = {
			isa = PBXFrameworksBuildPhase;
			buildActionMask = 0;
			files = (
				OBJ_177 /* Funky.framework in Frameworks */,
				OBJ_178 /* Parsey.framework in Frameworks */,
				OBJ_179 /* DLVM.framework in Frameworks */,
			);
			runOnlyForDeploymentPostprocessing = 0;
		};
		OBJ_189 /* Frameworks */ = {
			isa = PBXFrameworksBuildPhase;
			buildActionMask = 0;
			files = (
				OBJ_190 /* Funky.framework in Frameworks */,
				OBJ_191 /* Parsey.framework in Frameworks */,
				OBJ_192 /* DLVM.framework in Frameworks */,
				OBJ_193 /* TEL.framework in Frameworks */,
			);
			runOnlyForDeploymentPostprocessing = 0;
		};
		OBJ_79 /* Frameworks */ = {
			isa = PBXFrameworksBuildPhase;
			buildActionMask = 0;
			files = (
			);
			runOnlyForDeploymentPostprocessing = 0;
		};
		OBJ_90 /* Frameworks */ = {
			isa = PBXFrameworksBuildPhase;
			buildActionMask = 0;
			files = (
				OBJ_91 /* Funky.framework in Frameworks */,
			);
			runOnlyForDeploymentPostprocessing = 0;
		};
		OBJ_99 /* Frameworks */ = {
			isa = PBXFrameworksBuildPhase;
			buildActionMask = 0;
			files = (
				OBJ_100 /* Funky.framework in Frameworks */,
				OBJ_101 /* Parsey.framework in Frameworks */,
				OBJ_102 /* DLVM.framework in Frameworks */,
			);
			runOnlyForDeploymentPostprocessing = 0;
		};
/* End PBXFrameworksBuildPhase section */

/* Begin PBXGroup section */
		OBJ_19 /* Parsey */ = {
			isa = PBXGroup;
			children = (
				OBJ_20 /* Combinators.swift */,
				OBJ_21 /* Error.swift */,
				OBJ_22 /* Lexer.swift */,
				OBJ_23 /* Location.swift */,
				OBJ_24 /* Parser.swift */,
			);
			name = Parsey;
			path = "Packages/Parsey-1.4.9/Sources";
			sourceTree = SOURCE_ROOT;
		};
		OBJ_25 /* dlc */ = {
			isa = PBXGroup;
			children = (
				OBJ_26 /* main.swift */,
			);
			name = dlc;
			path = Sources/dlc;
			sourceTree = SOURCE_ROOT;
		};
		OBJ_27 /* DLVM */ = {
			isa = PBXGroup;
			children = (
				OBJ_28 /* BasicBlock.swift */,
				OBJ_29 /* BPGen.swift */,
				OBJ_30 /* ExecutionEngine.swift */,
				OBJ_31 /* Instruction.swift */,
				OBJ_32 /* IR.swift */,
				OBJ_33 /* IRBuilder.swift */,
				OBJ_34 /* PrettyPrint.swift */,
				OBJ_35 /* Tensor.swift */,
				OBJ_36 /* Types.swift */,
			);
			name = DLVM;
			path = Sources/DLVM;
			sourceTree = SOURCE_ROOT;
		};
		OBJ_37 /* dlvm-dis */ = {
			isa = PBXGroup;
			children = (
				OBJ_38 /* Grammar.swift */,
				OBJ_39 /* main.swift */,
			);
			name = "dlvm-dis";
			path = "Sources/dlvm-dis";
			sourceTree = SOURCE_ROOT;
		};
		OBJ_40 /* TEL */ = {
			isa = PBXGroup;
			children = (
				OBJ_41 /* AST.swift */,
				OBJ_42 /* Expression.swift */,
				OBJ_43 /* Grammar.swift */,
				OBJ_44 /* Sema.swift */,
			);
			name = TEL;
			path = Sources/TEL;
			sourceTree = SOURCE_ROOT;
		};
		OBJ_45 /* telc */ = {
			isa = PBXGroup;
			children = (
				OBJ_46 /* main.swift */,
			);
			name = telc;
			path = Sources/telc;
			sourceTree = SOURCE_ROOT;
		};
		OBJ_47 /* Tests */ = {
			isa = PBXGroup;
			children = (
				OBJ_48 /* DLVMTests */,
				OBJ_50 /* TELTests */,
			);
			path = Tests;
			sourceTree = "<group>";
		};
		OBJ_48 /* DLVMTests */ = {
			isa = PBXGroup;
			children = (
				OBJ_49 /* DLVMTests.swift */,
			);
			name = DLVMTests;
			path = Tests/DLVMTests;
			sourceTree = SOURCE_ROOT;
		};
		OBJ_5 /*  */ = {
			isa = PBXGroup;
			children = (
				OBJ_6 /* Package.swift */,
				OBJ_7 /* Sources */,
				OBJ_47 /* Tests */,
				OBJ_52 /* Build */,
				OBJ_53 /* Documentation */,
				OBJ_54 /* Products */,
			);
			name = "";
			sourceTree = "<group>";
		};
		OBJ_50 /* TELTests */ = {
			isa = PBXGroup;
			children = (
				OBJ_51 /* TELTests.swift */,
				29D3998B1E0B39B100357FE5 /* ParseTests.swift */,
			);
			name = TELTests;
			path = Tests/TELTests;
			sourceTree = SOURCE_ROOT;
		};
		OBJ_54 /* Products */ = {
			isa = PBXGroup;
			children = (
				OBJ_55 /* Funky.framework */,
				OBJ_56 /* Parsey.framework */,
				OBJ_57 /* dlc */,
				OBJ_58 /* DLVM.framework */,
				OBJ_59 /* dlvm-dis */,
				OBJ_60 /* TEL.framework */,
				OBJ_61 /* telc */,
				OBJ_62 /* DLVMTests.xctest */,
				OBJ_63 /* TELTests.xctest */,
			);
			name = Products;
			sourceTree = BUILT_PRODUCTS_DIR;
		};
		OBJ_7 /* Sources */ = {
			isa = PBXGroup;
			children = (
				OBJ_8 /* Funky */,
				OBJ_19 /* Parsey */,
				OBJ_25 /* dlc */,
				OBJ_27 /* DLVM */,
				OBJ_37 /* dlvm-dis */,
				OBJ_40 /* TEL */,
				OBJ_45 /* telc */,
			);
			path = Sources;
			sourceTree = "<group>";
		};
		OBJ_8 /* Funky */ = {
			isa = PBXGroup;
			children = (
				OBJ_9 /* Array.swift */,
				OBJ_10 /* Associative.swift */,
				OBJ_11 /* Collection.swift */,
				OBJ_12 /* Function.swift */,
				OBJ_13 /* Mappable.swift */,
				OBJ_14 /* Numeric.swift */,
				OBJ_15 /* Operators.swift */,
				OBJ_16 /* Optional.swift */,
				OBJ_17 /* Reducible.swift */,
				OBJ_18 /* Set.swift */,
			);
			name = Funky;
			path = "Packages/Funky-1.0.2/Sources";
			sourceTree = SOURCE_ROOT;
		};
/* End PBXGroup section */

/* Begin PBXNativeTarget section */
		OBJ_106 /* DLVM */ = {
			isa = PBXNativeTarget;
			buildConfigurationList = OBJ_107 /* Build configuration list for PBXNativeTarget "DLVM" */;
			buildPhases = (
				OBJ_110 /* Sources */,
				OBJ_120 /* Frameworks */,
			);
			buildRules = (
			);
			dependencies = (
				OBJ_123 /* PBXTargetDependency */,
				OBJ_124 /* PBXTargetDependency */,
			);
			name = DLVM;
			productName = DLVM;
			productReference = OBJ_58 /* DLVM.framework */;
			productType = "com.apple.product-type.framework";
		};
		OBJ_125 /* dlvm-dis */ = {
			isa = PBXNativeTarget;
			buildConfigurationList = OBJ_126 /* Build configuration list for PBXNativeTarget "dlvm-dis" */;
			buildPhases = (
				OBJ_129 /* Sources */,
				OBJ_132 /* Frameworks */,
			);
			buildRules = (
			);
			dependencies = (
				OBJ_136 /* PBXTargetDependency */,
				OBJ_137 /* PBXTargetDependency */,
				OBJ_138 /* PBXTargetDependency */,
			);
			name = "dlvm-dis";
			productName = dlvm_dis;
			productReference = OBJ_59 /* dlvm-dis */;
			productType = "com.apple.product-type.tool";
		};
		OBJ_139 /* TEL */ = {
			isa = PBXNativeTarget;
			buildConfigurationList = OBJ_140 /* Build configuration list for PBXNativeTarget "TEL" */;
			buildPhases = (
				OBJ_143 /* Sources */,
				OBJ_148 /* Frameworks */,
			);
			buildRules = (
			);
			dependencies = (
				OBJ_152 /* PBXTargetDependency */,
				OBJ_153 /* PBXTargetDependency */,
				OBJ_154 /* PBXTargetDependency */,
			);
			name = TEL;
			productName = TEL;
			productReference = OBJ_60 /* TEL.framework */;
			productType = "com.apple.product-type.framework";
		};
		OBJ_155 /* telc */ = {
			isa = PBXNativeTarget;
			buildConfigurationList = OBJ_156 /* Build configuration list for PBXNativeTarget "telc" */;
			buildPhases = (
				OBJ_159 /* Sources */,
				OBJ_161 /* Frameworks */,
			);
			buildRules = (
			);
			dependencies = (
				OBJ_166 /* PBXTargetDependency */,
				OBJ_167 /* PBXTargetDependency */,
				OBJ_168 /* PBXTargetDependency */,
				OBJ_169 /* PBXTargetDependency */,
			);
			name = telc;
			productName = telc;
			productReference = OBJ_61 /* telc */;
			productType = "com.apple.product-type.tool";
		};
		OBJ_170 /* DLVMTests */ = {
			isa = PBXNativeTarget;
			buildConfigurationList = OBJ_171 /* Build configuration list for PBXNativeTarget "DLVMTests" */;
			buildPhases = (
				OBJ_174 /* Sources */,
				OBJ_176 /* Frameworks */,
			);
			buildRules = (
			);
			dependencies = (
				OBJ_180 /* PBXTargetDependency */,
				OBJ_181 /* PBXTargetDependency */,
				OBJ_182 /* PBXTargetDependency */,
			);
			name = DLVMTests;
			productName = DLVMTests;
			productReference = OBJ_62 /* DLVMTests.xctest */;
			productType = "com.apple.product-type.bundle.unit-test";
		};
		OBJ_183 /* TELTests */ = {
			isa = PBXNativeTarget;
			buildConfigurationList = OBJ_184 /* Build configuration list for PBXNativeTarget "TELTests" */;
			buildPhases = (
				OBJ_187 /* Sources */,
				OBJ_189 /* Frameworks */,
			);
			buildRules = (
			);
			dependencies = (
				OBJ_194 /* PBXTargetDependency */,
				OBJ_195 /* PBXTargetDependency */,
				OBJ_196 /* PBXTargetDependency */,
				OBJ_197 /* PBXTargetDependency */,
			);
			name = TELTests;
			productName = TELTests;
			productReference = OBJ_63 /* TELTests.xctest */;
			productType = "com.apple.product-type.bundle.unit-test";
		};
		OBJ_64 /* Funky */ = {
			isa = PBXNativeTarget;
			buildConfigurationList = OBJ_65 /* Build configuration list for PBXNativeTarget "Funky" */;
			buildPhases = (
				OBJ_68 /* Sources */,
				OBJ_79 /* Frameworks */,
			);
			buildRules = (
			);
			dependencies = (
			);
			name = Funky;
			productName = Funky;
			productReference = OBJ_55 /* Funky.framework */;
			productType = "com.apple.product-type.framework";
		};
		OBJ_80 /* Parsey */ = {
			isa = PBXNativeTarget;
			buildConfigurationList = OBJ_81 /* Build configuration list for PBXNativeTarget "Parsey" */;
			buildPhases = (
				OBJ_84 /* Sources */,
				OBJ_90 /* Frameworks */,
			);
			buildRules = (
			);
			dependencies = (
				OBJ_92 /* PBXTargetDependency */,
			);
			name = Parsey;
			productName = Parsey;
			productReference = OBJ_56 /* Parsey.framework */;
			productType = "com.apple.product-type.framework";
		};
		OBJ_93 /* dlc */ = {
			isa = PBXNativeTarget;
			buildConfigurationList = OBJ_94 /* Build configuration list for PBXNativeTarget "dlc" */;
			buildPhases = (
				OBJ_97 /* Sources */,
				OBJ_99 /* Frameworks */,
			);
			buildRules = (
			);
			dependencies = (
				OBJ_103 /* PBXTargetDependency */,
				OBJ_104 /* PBXTargetDependency */,
				OBJ_105 /* PBXTargetDependency */,
			);
			name = dlc;
			productName = dlc;
			productReference = OBJ_57 /* dlc */;
			productType = "com.apple.product-type.tool";
		};
/* End PBXNativeTarget section */

/* Begin PBXProject section */
		OBJ_1 /* Project object */ = {
			isa = PBXProject;
			attributes = {
				LastUpgradeCheck = 9999;
			};
			buildConfigurationList = OBJ_2 /* Build configuration list for PBXProject "DLVM" */;
			compatibilityVersion = "Xcode 3.2";
			developmentRegion = English;
			hasScannedForEncodings = 0;
			knownRegions = (
				en,
			);
			mainGroup = OBJ_5 /*  */;
			productRefGroup = OBJ_54 /* Products */;
			projectDirPath = "";
			projectRoot = "";
			targets = (
				OBJ_64 /* Funky */,
				OBJ_80 /* Parsey */,
				OBJ_93 /* dlc */,
				OBJ_106 /* DLVM */,
				OBJ_125 /* dlvm-dis */,
				OBJ_139 /* TEL */,
				OBJ_155 /* telc */,
				OBJ_170 /* DLVMTests */,
				OBJ_183 /* TELTests */,
			);
		};
/* End PBXProject section */

/* Begin PBXSourcesBuildPhase section */
		OBJ_110 /* Sources */ = {
			isa = PBXSourcesBuildPhase;
			buildActionMask = 0;
			files = (
				OBJ_111 /* BasicBlock.swift in Sources */,
				OBJ_112 /* BPGen.swift in Sources */,
				OBJ_113 /* ExecutionEngine.swift in Sources */,
				OBJ_114 /* Instruction.swift in Sources */,
				OBJ_115 /* IR.swift in Sources */,
				OBJ_116 /* IRBuilder.swift in Sources */,
				OBJ_117 /* PrettyPrint.swift in Sources */,
				OBJ_118 /* Tensor.swift in Sources */,
				OBJ_119 /* Types.swift in Sources */,
			);
			runOnlyForDeploymentPostprocessing = 0;
		};
		OBJ_129 /* Sources */ = {
			isa = PBXSourcesBuildPhase;
			buildActionMask = 0;
			files = (
				OBJ_130 /* Grammar.swift in Sources */,
				OBJ_131 /* main.swift in Sources */,
			);
			runOnlyForDeploymentPostprocessing = 0;
		};
		OBJ_143 /* Sources */ = {
			isa = PBXSourcesBuildPhase;
			buildActionMask = 0;
			files = (
				OBJ_144 /* AST.swift in Sources */,
				OBJ_145 /* Expression.swift in Sources */,
				OBJ_146 /* Grammar.swift in Sources */,
				OBJ_147 /* Sema.swift in Sources */,
			);
			runOnlyForDeploymentPostprocessing = 0;
		};
		OBJ_159 /* Sources */ = {
			isa = PBXSourcesBuildPhase;
			buildActionMask = 0;
			files = (
				OBJ_160 /* main.swift in Sources */,
			);
			runOnlyForDeploymentPostprocessing = 0;
		};
		OBJ_174 /* Sources */ = {
			isa = PBXSourcesBuildPhase;
			buildActionMask = 0;
			files = (
				OBJ_175 /* DLVMTests.swift in Sources */,
			);
			runOnlyForDeploymentPostprocessing = 0;
		};
		OBJ_187 /* Sources */ = {
			isa = PBXSourcesBuildPhase;
			buildActionMask = 0;
			files = (
				OBJ_188 /* TELTests.swift in Sources */,
				29D3998D1E0B39EF00357FE5 /* ParseTests.swift in Sources */,
			);
			runOnlyForDeploymentPostprocessing = 0;
		};
		OBJ_68 /* Sources */ = {
			isa = PBXSourcesBuildPhase;
			buildActionMask = 0;
			files = (
				OBJ_69 /* Array.swift in Sources */,
				OBJ_70 /* Associative.swift in Sources */,
				OBJ_71 /* Collection.swift in Sources */,
				OBJ_72 /* Function.swift in Sources */,
				OBJ_73 /* Mappable.swift in Sources */,
				OBJ_74 /* Numeric.swift in Sources */,
				OBJ_75 /* Operators.swift in Sources */,
				OBJ_76 /* Optional.swift in Sources */,
				OBJ_77 /* Reducible.swift in Sources */,
				OBJ_78 /* Set.swift in Sources */,
			);
			runOnlyForDeploymentPostprocessing = 0;
		};
		OBJ_84 /* Sources */ = {
			isa = PBXSourcesBuildPhase;
			buildActionMask = 0;
			files = (
				OBJ_85 /* Combinators.swift in Sources */,
				OBJ_86 /* Error.swift in Sources */,
				OBJ_87 /* Lexer.swift in Sources */,
				OBJ_88 /* Location.swift in Sources */,
				OBJ_89 /* Parser.swift in Sources */,
			);
			runOnlyForDeploymentPostprocessing = 0;
		};
		OBJ_97 /* Sources */ = {
			isa = PBXSourcesBuildPhase;
			buildActionMask = 0;
			files = (
				OBJ_98 /* main.swift in Sources */,
			);
			runOnlyForDeploymentPostprocessing = 0;
		};
/* End PBXSourcesBuildPhase section */

/* Begin PBXTargetDependency section */
		OBJ_103 /* PBXTargetDependency */ = {
			isa = PBXTargetDependency;
			target = OBJ_64 /* Funky */;
			targetProxy = 29D399751E0B396600357FE5 /* PBXContainerItemProxy */;
		};
		OBJ_104 /* PBXTargetDependency */ = {
			isa = PBXTargetDependency;
			target = OBJ_80 /* Parsey */;
			targetProxy = 29D399761E0B396600357FE5 /* PBXContainerItemProxy */;
		};
		OBJ_105 /* PBXTargetDependency */ = {
			isa = PBXTargetDependency;
			target = OBJ_106 /* DLVM */;
			targetProxy = 29D399771E0B396600357FE5 /* PBXContainerItemProxy */;
		};
		OBJ_123 /* PBXTargetDependency */ = {
			isa = PBXTargetDependency;
			target = OBJ_64 /* Funky */;
			targetProxy = 29D399781E0B396600357FE5 /* PBXContainerItemProxy */;
		};
		OBJ_124 /* PBXTargetDependency */ = {
			isa = PBXTargetDependency;
			target = OBJ_80 /* Parsey */;
			targetProxy = 29D399791E0B396600357FE5 /* PBXContainerItemProxy */;
		};
		OBJ_136 /* PBXTargetDependency */ = {
			isa = PBXTargetDependency;
			target = OBJ_64 /* Funky */;
			targetProxy = 29D3997A1E0B396600357FE5 /* PBXContainerItemProxy */;
		};
		OBJ_137 /* PBXTargetDependency */ = {
			isa = PBXTargetDependency;
			target = OBJ_80 /* Parsey */;
			targetProxy = 29D3997B1E0B396600357FE5 /* PBXContainerItemProxy */;
		};
		OBJ_138 /* PBXTargetDependency */ = {
			isa = PBXTargetDependency;
			target = OBJ_106 /* DLVM */;
			targetProxy = 29D3997C1E0B396600357FE5 /* PBXContainerItemProxy */;
		};
		OBJ_152 /* PBXTargetDependency */ = {
			isa = PBXTargetDependency;
			target = OBJ_64 /* Funky */;
			targetProxy = 29D3997D1E0B396600357FE5 /* PBXContainerItemProxy */;
		};
		OBJ_153 /* PBXTargetDependency */ = {
			isa = PBXTargetDependency;
			target = OBJ_80 /* Parsey */;
			targetProxy = 29D3997E1E0B396600357FE5 /* PBXContainerItemProxy */;
		};
		OBJ_154 /* PBXTargetDependency */ = {
			isa = PBXTargetDependency;
			target = OBJ_106 /* DLVM */;
			targetProxy = 29D3997F1E0B396600357FE5 /* PBXContainerItemProxy */;
		};
		OBJ_166 /* PBXTargetDependency */ = {
			isa = PBXTargetDependency;
			target = OBJ_64 /* Funky */;
			targetProxy = 29D399801E0B396600357FE5 /* PBXContainerItemProxy */;
		};
		OBJ_167 /* PBXTargetDependency */ = {
			isa = PBXTargetDependency;
			target = OBJ_80 /* Parsey */;
			targetProxy = 29D399811E0B396600357FE5 /* PBXContainerItemProxy */;
		};
		OBJ_168 /* PBXTargetDependency */ = {
			isa = PBXTargetDependency;
			target = OBJ_106 /* DLVM */;
			targetProxy = 29D399821E0B396600357FE5 /* PBXContainerItemProxy */;
		};
		OBJ_169 /* PBXTargetDependency */ = {
			isa = PBXTargetDependency;
			target = OBJ_139 /* TEL */;
			targetProxy = 29D399831E0B396600357FE5 /* PBXContainerItemProxy */;
		};
		OBJ_180 /* PBXTargetDependency */ = {
			isa = PBXTargetDependency;
			target = OBJ_64 /* Funky */;
			targetProxy = 29D399841E0B396600357FE5 /* PBXContainerItemProxy */;
		};
		OBJ_181 /* PBXTargetDependency */ = {
			isa = PBXTargetDependency;
			target = OBJ_80 /* Parsey */;
			targetProxy = 29D399851E0B396600357FE5 /* PBXContainerItemProxy */;
		};
		OBJ_182 /* PBXTargetDependency */ = {
			isa = PBXTargetDependency;
			target = OBJ_106 /* DLVM */;
			targetProxy = 29D399861E0B396600357FE5 /* PBXContainerItemProxy */;
		};
		OBJ_194 /* PBXTargetDependency */ = {
			isa = PBXTargetDependency;
			target = OBJ_64 /* Funky */;
			targetProxy = 29D399871E0B396600357FE5 /* PBXContainerItemProxy */;
		};
		OBJ_195 /* PBXTargetDependency */ = {
			isa = PBXTargetDependency;
			target = OBJ_80 /* Parsey */;
			targetProxy = 29D399881E0B396600357FE5 /* PBXContainerItemProxy */;
		};
		OBJ_196 /* PBXTargetDependency */ = {
			isa = PBXTargetDependency;
			target = OBJ_106 /* DLVM */;
			targetProxy = 29D399891E0B396600357FE5 /* PBXContainerItemProxy */;
		};
		OBJ_197 /* PBXTargetDependency */ = {
			isa = PBXTargetDependency;
			target = OBJ_139 /* TEL */;
			targetProxy = 29D3998A1E0B396600357FE5 /* PBXContainerItemProxy */;
		};
		OBJ_92 /* PBXTargetDependency */ = {
			isa = PBXTargetDependency;
			target = OBJ_64 /* Funky */;
			targetProxy = 29D399741E0B396600357FE5 /* PBXContainerItemProxy */;
		};
/* End PBXTargetDependency section */

/* Begin XCBuildConfiguration section */
		OBJ_108 /* Debug */ = {
			isa = XCBuildConfiguration;
			buildSettings = {
				ENABLE_TESTABILITY = YES;
				FRAMEWORK_SEARCH_PATHS = (
					"$(inherited)",
					"$(PLATFORM_DIR)/Developer/Library/Frameworks",
				);
				HEADER_SEARCH_PATHS = "$(inherited)";
				INFOPLIST_FILE = DLVM.xcodeproj/DLVM_Info.plist;
				LD_RUNPATH_SEARCH_PATHS = "$(TOOLCHAIN_DIR)/usr/lib/swift/macosx";
				OTHER_LDFLAGS = "$(inherited)";
				OTHER_SWIFT_FLAGS = "$(inherited)";
				PRODUCT_BUNDLE_IDENTIFIER = DLVM;
				PRODUCT_MODULE_NAME = "$(TARGET_NAME:c99extidentifier)";
				PRODUCT_NAME = "$(TARGET_NAME:c99extidentifier)";
				TARGET_NAME = DLVM;
			};
			name = Debug;
		};
		OBJ_109 /* Release */ = {
			isa = XCBuildConfiguration;
			buildSettings = {
				ENABLE_TESTABILITY = YES;
				FRAMEWORK_SEARCH_PATHS = (
					"$(inherited)",
					"$(PLATFORM_DIR)/Developer/Library/Frameworks",
				);
				HEADER_SEARCH_PATHS = "$(inherited)";
				INFOPLIST_FILE = DLVM.xcodeproj/DLVM_Info.plist;
				LD_RUNPATH_SEARCH_PATHS = "$(TOOLCHAIN_DIR)/usr/lib/swift/macosx";
				OTHER_LDFLAGS = "$(inherited)";
				OTHER_SWIFT_FLAGS = "$(inherited)";
				PRODUCT_BUNDLE_IDENTIFIER = DLVM;
				PRODUCT_MODULE_NAME = "$(TARGET_NAME:c99extidentifier)";
				PRODUCT_NAME = "$(TARGET_NAME:c99extidentifier)";
				TARGET_NAME = DLVM;
			};
			name = Release;
		};
		OBJ_127 /* Debug */ = {
			isa = XCBuildConfiguration;
			buildSettings = {
				FRAMEWORK_SEARCH_PATHS = (
					"$(inherited)",
					"$(PLATFORM_DIR)/Developer/Library/Frameworks",
				);
				HEADER_SEARCH_PATHS = "$(inherited)";
				INFOPLIST_FILE = DLVM.xcodeproj/dlvm_dis_Info.plist;
				LD_RUNPATH_SEARCH_PATHS = "$(TOOLCHAIN_DIR)/usr/lib/swift/macosx @executable_path";
				OTHER_LDFLAGS = "$(inherited)";
				OTHER_SWIFT_FLAGS = "$(inherited)";
				SWIFT_FORCE_DYNAMIC_LINK_STDLIB = YES;
				SWIFT_FORCE_STATIC_LINK_STDLIB = NO;
				TARGET_NAME = "dlvm-dis";
			};
			name = Debug;
		};
		OBJ_128 /* Release */ = {
			isa = XCBuildConfiguration;
			buildSettings = {
				FRAMEWORK_SEARCH_PATHS = (
					"$(inherited)",
					"$(PLATFORM_DIR)/Developer/Library/Frameworks",
				);
				HEADER_SEARCH_PATHS = "$(inherited)";
				INFOPLIST_FILE = DLVM.xcodeproj/dlvm_dis_Info.plist;
				LD_RUNPATH_SEARCH_PATHS = "$(TOOLCHAIN_DIR)/usr/lib/swift/macosx @executable_path";
				OTHER_LDFLAGS = "$(inherited)";
				OTHER_SWIFT_FLAGS = "$(inherited)";
				SWIFT_FORCE_DYNAMIC_LINK_STDLIB = YES;
				SWIFT_FORCE_STATIC_LINK_STDLIB = NO;
				TARGET_NAME = "dlvm-dis";
			};
			name = Release;
		};
		OBJ_141 /* Debug */ = {
			isa = XCBuildConfiguration;
			buildSettings = {
				ENABLE_TESTABILITY = YES;
				FRAMEWORK_SEARCH_PATHS = (
					"$(inherited)",
					"$(PLATFORM_DIR)/Developer/Library/Frameworks",
				);
				HEADER_SEARCH_PATHS = "$(inherited)";
				INFOPLIST_FILE = DLVM.xcodeproj/TEL_Info.plist;
				LD_RUNPATH_SEARCH_PATHS = "$(TOOLCHAIN_DIR)/usr/lib/swift/macosx";
				OTHER_LDFLAGS = "$(inherited)";
				OTHER_SWIFT_FLAGS = "$(inherited)";
				PRODUCT_BUNDLE_IDENTIFIER = TEL;
				PRODUCT_MODULE_NAME = "$(TARGET_NAME:c99extidentifier)";
				PRODUCT_NAME = "$(TARGET_NAME:c99extidentifier)";
				TARGET_NAME = TEL;
			};
			name = Debug;
		};
		OBJ_142 /* Release */ = {
			isa = XCBuildConfiguration;
			buildSettings = {
				ENABLE_TESTABILITY = YES;
				FRAMEWORK_SEARCH_PATHS = (
					"$(inherited)",
					"$(PLATFORM_DIR)/Developer/Library/Frameworks",
				);
				HEADER_SEARCH_PATHS = "$(inherited)";
				INFOPLIST_FILE = DLVM.xcodeproj/TEL_Info.plist;
				LD_RUNPATH_SEARCH_PATHS = "$(TOOLCHAIN_DIR)/usr/lib/swift/macosx";
				OTHER_LDFLAGS = "$(inherited)";
				OTHER_SWIFT_FLAGS = "$(inherited)";
				PRODUCT_BUNDLE_IDENTIFIER = TEL;
				PRODUCT_MODULE_NAME = "$(TARGET_NAME:c99extidentifier)";
				PRODUCT_NAME = "$(TARGET_NAME:c99extidentifier)";
				TARGET_NAME = TEL;
			};
			name = Release;
		};
		OBJ_157 /* Debug */ = {
			isa = XCBuildConfiguration;
			buildSettings = {
				FRAMEWORK_SEARCH_PATHS = (
					"$(inherited)",
					"$(PLATFORM_DIR)/Developer/Library/Frameworks",
				);
				HEADER_SEARCH_PATHS = "$(inherited)";
				INFOPLIST_FILE = DLVM.xcodeproj/telc_Info.plist;
				LD_RUNPATH_SEARCH_PATHS = "$(TOOLCHAIN_DIR)/usr/lib/swift/macosx @executable_path";
				OTHER_LDFLAGS = "$(inherited)";
				OTHER_SWIFT_FLAGS = "$(inherited)";
				SWIFT_FORCE_DYNAMIC_LINK_STDLIB = YES;
				SWIFT_FORCE_STATIC_LINK_STDLIB = NO;
				TARGET_NAME = telc;
			};
			name = Debug;
		};
		OBJ_158 /* Release */ = {
			isa = XCBuildConfiguration;
			buildSettings = {
				FRAMEWORK_SEARCH_PATHS = (
					"$(inherited)",
					"$(PLATFORM_DIR)/Developer/Library/Frameworks",
				);
				HEADER_SEARCH_PATHS = "$(inherited)";
				INFOPLIST_FILE = DLVM.xcodeproj/telc_Info.plist;
				LD_RUNPATH_SEARCH_PATHS = "$(TOOLCHAIN_DIR)/usr/lib/swift/macosx @executable_path";
				OTHER_LDFLAGS = "$(inherited)";
				OTHER_SWIFT_FLAGS = "$(inherited)";
				SWIFT_FORCE_DYNAMIC_LINK_STDLIB = YES;
				SWIFT_FORCE_STATIC_LINK_STDLIB = NO;
				TARGET_NAME = telc;
			};
			name = Release;
		};
		OBJ_172 /* Debug */ = {
			isa = XCBuildConfiguration;
			buildSettings = {
				EMBEDDED_CONTENT_CONTAINS_SWIFT = YES;
				FRAMEWORK_SEARCH_PATHS = (
					"$(inherited)",
					"$(PLATFORM_DIR)/Developer/Library/Frameworks",
				);
				HEADER_SEARCH_PATHS = "$(inherited)";
				INFOPLIST_FILE = DLVM.xcodeproj/DLVMTests_Info.plist;
				LD_RUNPATH_SEARCH_PATHS = "@loader_path/../Frameworks";
				OTHER_LDFLAGS = "$(inherited)";
				OTHER_SWIFT_FLAGS = "$(inherited)";
				TARGET_NAME = DLVMTests;
			};
			name = Debug;
		};
		OBJ_173 /* Release */ = {
			isa = XCBuildConfiguration;
			buildSettings = {
				EMBEDDED_CONTENT_CONTAINS_SWIFT = YES;
				FRAMEWORK_SEARCH_PATHS = (
					"$(inherited)",
					"$(PLATFORM_DIR)/Developer/Library/Frameworks",
				);
				HEADER_SEARCH_PATHS = "$(inherited)";
				INFOPLIST_FILE = DLVM.xcodeproj/DLVMTests_Info.plist;
				LD_RUNPATH_SEARCH_PATHS = "@loader_path/../Frameworks";
				OTHER_LDFLAGS = "$(inherited)";
				OTHER_SWIFT_FLAGS = "$(inherited)";
				TARGET_NAME = DLVMTests;
			};
			name = Release;
		};
		OBJ_185 /* Debug */ = {
			isa = XCBuildConfiguration;
			buildSettings = {
				EMBEDDED_CONTENT_CONTAINS_SWIFT = YES;
				FRAMEWORK_SEARCH_PATHS = (
					"$(inherited)",
					"$(PLATFORM_DIR)/Developer/Library/Frameworks",
				);
				HEADER_SEARCH_PATHS = "$(inherited)";
				INFOPLIST_FILE = DLVM.xcodeproj/TELTests_Info.plist;
				LD_RUNPATH_SEARCH_PATHS = "@loader_path/../Frameworks";
				OTHER_LDFLAGS = "$(inherited)";
				OTHER_SWIFT_FLAGS = "$(inherited)";
				TARGET_NAME = TELTests;
			};
			name = Debug;
		};
		OBJ_186 /* Release */ = {
			isa = XCBuildConfiguration;
			buildSettings = {
				EMBEDDED_CONTENT_CONTAINS_SWIFT = YES;
				FRAMEWORK_SEARCH_PATHS = (
					"$(inherited)",
					"$(PLATFORM_DIR)/Developer/Library/Frameworks",
				);
				HEADER_SEARCH_PATHS = "$(inherited)";
				INFOPLIST_FILE = DLVM.xcodeproj/TELTests_Info.plist;
				LD_RUNPATH_SEARCH_PATHS = "@loader_path/../Frameworks";
				OTHER_LDFLAGS = "$(inherited)";
				OTHER_SWIFT_FLAGS = "$(inherited)";
				TARGET_NAME = TELTests;
			};
			name = Release;
		};
		OBJ_3 /* Debug */ = {
			isa = XCBuildConfiguration;
			buildSettings = {
				COMBINE_HIDPI_IMAGES = YES;
				COPY_PHASE_STRIP = NO;
				DEBUG_INFORMATION_FORMAT = dwarf;
				DYLIB_INSTALL_NAME_BASE = "@rpath";
				ENABLE_NS_ASSERTIONS = YES;
				GCC_OPTIMIZATION_LEVEL = 0;
				MACOSX_DEPLOYMENT_TARGET = 10.10;
				ONLY_ACTIVE_ARCH = YES;
				OTHER_SWIFT_FLAGS = "-DXcode";
				PRODUCT_NAME = "$(TARGET_NAME)";
				SDKROOT = macosx;
				SUPPORTED_PLATFORMS = "macosx iphoneos iphonesimulator appletvos appletvsimulator watchos watchsimulator";
				SWIFT_ACTIVE_COMPILATION_CONDITIONS = SWIFT_PACKAGE;
				SWIFT_OPTIMIZATION_LEVEL = "-Onone";
				SWIFT_VERSION = 3.0;
				USE_HEADERMAP = NO;
			};
			name = Debug;
		};
		OBJ_4 /* Release */ = {
			isa = XCBuildConfiguration;
			buildSettings = {
				COMBINE_HIDPI_IMAGES = YES;
				COPY_PHASE_STRIP = YES;
				DEBUG_INFORMATION_FORMAT = "dwarf-with-dsym";
				DYLIB_INSTALL_NAME_BASE = "@rpath";
				GCC_OPTIMIZATION_LEVEL = s;
				MACOSX_DEPLOYMENT_TARGET = 10.10;
				OTHER_SWIFT_FLAGS = "-DXcode";
				PRODUCT_NAME = "$(TARGET_NAME)";
				SDKROOT = macosx;
				SUPPORTED_PLATFORMS = "macosx iphoneos iphonesimulator appletvos appletvsimulator watchos watchsimulator";
				SWIFT_ACTIVE_COMPILATION_CONDITIONS = SWIFT_PACKAGE;
				SWIFT_OPTIMIZATION_LEVEL = "-O";
				SWIFT_VERSION = 3.0;
				USE_HEADERMAP = NO;
			};
			name = Release;
		};
		OBJ_66 /* Debug */ = {
			isa = XCBuildConfiguration;
			buildSettings = {
				ENABLE_TESTABILITY = YES;
				FRAMEWORK_SEARCH_PATHS = (
					"$(inherited)",
					"$(PLATFORM_DIR)/Developer/Library/Frameworks",
				);
				HEADER_SEARCH_PATHS = "$(inherited)";
				INFOPLIST_FILE = DLVM.xcodeproj/Funky_Info.plist;
				LD_RUNPATH_SEARCH_PATHS = "$(TOOLCHAIN_DIR)/usr/lib/swift/macosx";
				OTHER_LDFLAGS = "$(inherited)";
				OTHER_SWIFT_FLAGS = "$(inherited)";
				PRODUCT_BUNDLE_IDENTIFIER = Funky;
				PRODUCT_MODULE_NAME = "$(TARGET_NAME:c99extidentifier)";
				PRODUCT_NAME = "$(TARGET_NAME:c99extidentifier)";
				TARGET_NAME = Funky;
			};
			name = Debug;
		};
		OBJ_67 /* Release */ = {
			isa = XCBuildConfiguration;
			buildSettings = {
				ENABLE_TESTABILITY = YES;
				FRAMEWORK_SEARCH_PATHS = (
					"$(inherited)",
					"$(PLATFORM_DIR)/Developer/Library/Frameworks",
				);
				HEADER_SEARCH_PATHS = "$(inherited)";
				INFOPLIST_FILE = DLVM.xcodeproj/Funky_Info.plist;
				LD_RUNPATH_SEARCH_PATHS = "$(TOOLCHAIN_DIR)/usr/lib/swift/macosx";
				OTHER_LDFLAGS = "$(inherited)";
				OTHER_SWIFT_FLAGS = "$(inherited)";
				PRODUCT_BUNDLE_IDENTIFIER = Funky;
				PRODUCT_MODULE_NAME = "$(TARGET_NAME:c99extidentifier)";
				PRODUCT_NAME = "$(TARGET_NAME:c99extidentifier)";
				TARGET_NAME = Funky;
			};
			name = Release;
		};
		OBJ_82 /* Debug */ = {
			isa = XCBuildConfiguration;
			buildSettings = {
				ENABLE_TESTABILITY = YES;
				FRAMEWORK_SEARCH_PATHS = (
					"$(inherited)",
					"$(PLATFORM_DIR)/Developer/Library/Frameworks",
				);
				HEADER_SEARCH_PATHS = "$(inherited)";
				INFOPLIST_FILE = DLVM.xcodeproj/Parsey_Info.plist;
				LD_RUNPATH_SEARCH_PATHS = "$(TOOLCHAIN_DIR)/usr/lib/swift/macosx";
				OTHER_LDFLAGS = "$(inherited)";
				OTHER_SWIFT_FLAGS = "$(inherited)";
				PRODUCT_BUNDLE_IDENTIFIER = Parsey;
				PRODUCT_MODULE_NAME = "$(TARGET_NAME:c99extidentifier)";
				PRODUCT_NAME = "$(TARGET_NAME:c99extidentifier)";
				TARGET_NAME = Parsey;
			};
			name = Debug;
		};
		OBJ_83 /* Release */ = {
			isa = XCBuildConfiguration;
			buildSettings = {
				ENABLE_TESTABILITY = YES;
				FRAMEWORK_SEARCH_PATHS = (
					"$(inherited)",
					"$(PLATFORM_DIR)/Developer/Library/Frameworks",
				);
				HEADER_SEARCH_PATHS = "$(inherited)";
				INFOPLIST_FILE = DLVM.xcodeproj/Parsey_Info.plist;
				LD_RUNPATH_SEARCH_PATHS = "$(TOOLCHAIN_DIR)/usr/lib/swift/macosx";
				OTHER_LDFLAGS = "$(inherited)";
				OTHER_SWIFT_FLAGS = "$(inherited)";
				PRODUCT_BUNDLE_IDENTIFIER = Parsey;
				PRODUCT_MODULE_NAME = "$(TARGET_NAME:c99extidentifier)";
				PRODUCT_NAME = "$(TARGET_NAME:c99extidentifier)";
				TARGET_NAME = Parsey;
			};
			name = Release;
		};
		OBJ_95 /* Debug */ = {
			isa = XCBuildConfiguration;
			buildSettings = {
				FRAMEWORK_SEARCH_PATHS = (
					"$(inherited)",
					"$(PLATFORM_DIR)/Developer/Library/Frameworks",
				);
				HEADER_SEARCH_PATHS = "$(inherited)";
				INFOPLIST_FILE = DLVM.xcodeproj/dlc_Info.plist;
				LD_RUNPATH_SEARCH_PATHS = "$(TOOLCHAIN_DIR)/usr/lib/swift/macosx @executable_path";
				OTHER_LDFLAGS = "$(inherited)";
				OTHER_SWIFT_FLAGS = "$(inherited)";
				SWIFT_FORCE_DYNAMIC_LINK_STDLIB = YES;
				SWIFT_FORCE_STATIC_LINK_STDLIB = NO;
				TARGET_NAME = dlc;
			};
			name = Debug;
		};
		OBJ_96 /* Release */ = {
			isa = XCBuildConfiguration;
			buildSettings = {
				FRAMEWORK_SEARCH_PATHS = (
					"$(inherited)",
					"$(PLATFORM_DIR)/Developer/Library/Frameworks",
				);
				HEADER_SEARCH_PATHS = "$(inherited)";
				INFOPLIST_FILE = DLVM.xcodeproj/dlc_Info.plist;
				LD_RUNPATH_SEARCH_PATHS = "$(TOOLCHAIN_DIR)/usr/lib/swift/macosx @executable_path";
				OTHER_LDFLAGS = "$(inherited)";
				OTHER_SWIFT_FLAGS = "$(inherited)";
				SWIFT_FORCE_DYNAMIC_LINK_STDLIB = YES;
				SWIFT_FORCE_STATIC_LINK_STDLIB = NO;
				TARGET_NAME = dlc;
			};
			name = Release;
		};
/* End XCBuildConfiguration section */

/* Begin XCConfigurationList section */
		OBJ_107 /* Build configuration list for PBXNativeTarget "DLVM" */ = {
			isa = XCConfigurationList;
			buildConfigurations = (
				OBJ_108 /* Debug */,
				OBJ_109 /* Release */,
			);
			defaultConfigurationIsVisible = 0;
			defaultConfigurationName = Debug;
		};
		OBJ_126 /* Build configuration list for PBXNativeTarget "dlvm-dis" */ = {
			isa = XCConfigurationList;
			buildConfigurations = (
				OBJ_127 /* Debug */,
				OBJ_128 /* Release */,
			);
			defaultConfigurationIsVisible = 0;
			defaultConfigurationName = Debug;
		};
		OBJ_140 /* Build configuration list for PBXNativeTarget "TEL" */ = {
			isa = XCConfigurationList;
			buildConfigurations = (
				OBJ_141 /* Debug */,
				OBJ_142 /* Release */,
			);
			defaultConfigurationIsVisible = 0;
			defaultConfigurationName = Debug;
		};
		OBJ_156 /* Build configuration list for PBXNativeTarget "telc" */ = {
			isa = XCConfigurationList;
			buildConfigurations = (
				OBJ_157 /* Debug */,
				OBJ_158 /* Release */,
			);
			defaultConfigurationIsVisible = 0;
			defaultConfigurationName = Debug;
		};
		OBJ_171 /* Build configuration list for PBXNativeTarget "DLVMTests" */ = {
			isa = XCConfigurationList;
			buildConfigurations = (
				OBJ_172 /* Debug */,
				OBJ_173 /* Release */,
			);
			defaultConfigurationIsVisible = 0;
			defaultConfigurationName = Debug;
		};
		OBJ_184 /* Build configuration list for PBXNativeTarget "TELTests" */ = {
			isa = XCConfigurationList;
			buildConfigurations = (
				OBJ_185 /* Debug */,
				OBJ_186 /* Release */,
			);
			defaultConfigurationIsVisible = 0;
			defaultConfigurationName = Debug;
		};
		OBJ_2 /* Build configuration list for PBXProject "DLVM" */ = {
			isa = XCConfigurationList;
			buildConfigurations = (
				OBJ_3 /* Debug */,
				OBJ_4 /* Release */,
			);
			defaultConfigurationIsVisible = 0;
			defaultConfigurationName = Debug;
		};
		OBJ_65 /* Build configuration list for PBXNativeTarget "Funky" */ = {
			isa = XCConfigurationList;
			buildConfigurations = (
				OBJ_66 /* Debug */,
				OBJ_67 /* Release */,
			);
			defaultConfigurationIsVisible = 0;
			defaultConfigurationName = Debug;
		};
		OBJ_81 /* Build configuration list for PBXNativeTarget "Parsey" */ = {
			isa = XCConfigurationList;
			buildConfigurations = (
				OBJ_82 /* Debug */,
				OBJ_83 /* Release */,
			);
			defaultConfigurationIsVisible = 0;
			defaultConfigurationName = Debug;
		};
		OBJ_94 /* Build configuration list for PBXNativeTarget "dlc" */ = {
			isa = XCConfigurationList;
			buildConfigurations = (
				OBJ_95 /* Debug */,
				OBJ_96 /* Release */,
			);
			defaultConfigurationIsVisible = 0;
			defaultConfigurationName = Debug;
		};
/* End XCConfigurationList section */
	};
	rootObject = OBJ_1 /* Project object */;
}
