// !$*UTF8*$!
{
	archiveVersion = 1;
	classes = {
	};
	objectVersion = 46;
	objects = {

/* Begin PBXBuildFile section */
		OBJ_100 /* Stream.swift in Sources */ = {isa = PBXBuildFile; fileRef = OBJ_25 /* Stream.swift */; };
		OBJ_106 /* Device.swift in Sources */ = {isa = PBXBuildFile; fileRef = OBJ_27 /* Device.swift */; };
		OBJ_107 /* Error.swift in Sources */ = {isa = PBXBuildFile; fileRef = OBJ_28 /* Error.swift */; };
		OBJ_108 /* Function.swift in Sources */ = {isa = PBXBuildFile; fileRef = OBJ_29 /* Function.swift */; };
		OBJ_109 /* Memory.swift in Sources */ = {isa = PBXBuildFile; fileRef = OBJ_30 /* Memory.swift */; };
		OBJ_110 /* Stream.swift in Sources */ = {isa = PBXBuildFile; fileRef = OBJ_31 /* Stream.swift */; };
		OBJ_112 /* CUDADriver.framework in Frameworks */ = {isa = PBXBuildFile; fileRef = OBJ_63 /* CUDADriver.framework */; };
		OBJ_119 /* Compiler.swift in Sources */ = {isa = PBXBuildFile; fileRef = OBJ_33 /* Compiler.swift */; };
		OBJ_120 /* Error.swift in Sources */ = {isa = PBXBuildFile; fileRef = OBJ_34 /* Error.swift */; };
		OBJ_121 /* Option.swift in Sources */ = {isa = PBXBuildFile; fileRef = OBJ_35 /* Option.swift */; };
		OBJ_123 /* CUDADriver.framework in Frameworks */ = {isa = PBXBuildFile; fileRef = OBJ_63 /* CUDADriver.framework */; };
		OBJ_130 /* Array.swift in Sources */ = {isa = PBXBuildFile; fileRef = OBJ_37 /* Array.swift */; };
		OBJ_131 /* ArrayBuffer.swift in Sources */ = {isa = PBXBuildFile; fileRef = OBJ_38 /* ArrayBuffer.swift */; };
		OBJ_132 /* DeviceOperations.swift in Sources */ = {isa = PBXBuildFile; fileRef = OBJ_39 /* DeviceOperations.swift */; };
		OBJ_133 /* DeviceTypes.swift in Sources */ = {isa = PBXBuildFile; fileRef = OBJ_40 /* DeviceTypes.swift */; };
		OBJ_134 /* KernelDataTypes.swift in Sources */ = {isa = PBXBuildFile; fileRef = OBJ_41 /* KernelDataTypes.swift */; };
		OBJ_135 /* KernelManager.swift in Sources */ = {isa = PBXBuildFile; fileRef = OBJ_42 /* KernelManager.swift */; };
		OBJ_136 /* KernelSources.swift in Sources */ = {isa = PBXBuildFile; fileRef = OBJ_43 /* KernelSources.swift */; };
		OBJ_137 /* Value.swift in Sources */ = {isa = PBXBuildFile; fileRef = OBJ_44 /* Value.swift */; };
		OBJ_138 /* ValueBuffer.swift in Sources */ = {isa = PBXBuildFile; fileRef = OBJ_45 /* ValueBuffer.swift */; };
		OBJ_140 /* CUDADriver.framework in Frameworks */ = {isa = PBXBuildFile; fileRef = OBJ_63 /* CUDADriver.framework */; };
		OBJ_141 /* CUDARuntime.framework in Frameworks */ = {isa = PBXBuildFile; fileRef = OBJ_64 /* CUDARuntime.framework */; };
		OBJ_142 /* CuBLAS.framework in Frameworks */ = {isa = PBXBuildFile; fileRef = OBJ_62 /* CuBLAS.framework */; };
		OBJ_143 /* NVRTC.framework in Frameworks */ = {isa = PBXBuildFile; fileRef = OBJ_65 /* NVRTC.framework */; };
		OBJ_153 /* AD.swift in Sources */ = {isa = PBXBuildFile; fileRef = OBJ_47 /* AD.swift */; };
		OBJ_154 /* DNN.swift in Sources */ = {isa = PBXBuildFile; fileRef = OBJ_48 /* DNN.swift */; };
		OBJ_155 /* Error.swift in Sources */ = {isa = PBXBuildFile; fileRef = OBJ_49 /* Error.swift */; };
		OBJ_156 /* Expression.swift in Sources */ = {isa = PBXBuildFile; fileRef = OBJ_50 /* Expression.swift */; };
		OBJ_157 /* Graph.swift in Sources */ = {isa = PBXBuildFile; fileRef = OBJ_51 /* Graph.swift */; };
		OBJ_158 /* PrettyPrint.swift in Sources */ = {isa = PBXBuildFile; fileRef = OBJ_52 /* PrettyPrint.swift */; };
		OBJ_159 /* Shape.swift in Sources */ = {isa = PBXBuildFile; fileRef = OBJ_53 /* Shape.swift */; };
		OBJ_160 /* Tensor.swift in Sources */ = {isa = PBXBuildFile; fileRef = OBJ_54 /* Tensor.swift */; };
		OBJ_161 /* TensorOperators.swift in Sources */ = {isa = PBXBuildFile; fileRef = OBJ_55 /* TensorOperators.swift */; };
		OBJ_162 /* Types.swift in Sources */ = {isa = PBXBuildFile; fileRef = OBJ_56 /* Types.swift */; };
		OBJ_164 /* CUDADriver.framework in Frameworks */ = {isa = PBXBuildFile; fileRef = OBJ_63 /* CUDADriver.framework */; };
		OBJ_165 /* CUDARuntime.framework in Frameworks */ = {isa = PBXBuildFile; fileRef = OBJ_64 /* CUDARuntime.framework */; };
		OBJ_166 /* CuBLAS.framework in Frameworks */ = {isa = PBXBuildFile; fileRef = OBJ_62 /* CuBLAS.framework */; };
		OBJ_167 /* NVRTC.framework in Frameworks */ = {isa = PBXBuildFile; fileRef = OBJ_65 /* NVRTC.framework */; };
		OBJ_168 /* Warp.framework in Frameworks */ = {isa = PBXBuildFile; fileRef = OBJ_66 /* Warp.framework */; };
		OBJ_179 /* DLVMTests.swift in Sources */ = {isa = PBXBuildFile; fileRef = OBJ_59 /* DLVMTests.swift */; };
		OBJ_181 /* CUDADriver.framework in Frameworks */ = {isa = PBXBuildFile; fileRef = OBJ_63 /* CUDADriver.framework */; };
		OBJ_182 /* CUDARuntime.framework in Frameworks */ = {isa = PBXBuildFile; fileRef = OBJ_64 /* CUDARuntime.framework */; };
		OBJ_183 /* CuBLAS.framework in Frameworks */ = {isa = PBXBuildFile; fileRef = OBJ_62 /* CuBLAS.framework */; };
		OBJ_184 /* NVRTC.framework in Frameworks */ = {isa = PBXBuildFile; fileRef = OBJ_65 /* NVRTC.framework */; };
		OBJ_185 /* Warp.framework in Frameworks */ = {isa = PBXBuildFile; fileRef = OBJ_66 /* Warp.framework */; };
		OBJ_186 /* DLVM.framework in Frameworks */ = {isa = PBXBuildFile; fileRef = OBJ_67 /* DLVM.framework */; };
		OBJ_74 /* BLAS.swift in Sources */ = {isa = PBXBuildFile; fileRef = OBJ_9 /* BLAS.swift */; };
		OBJ_75 /* Error.swift in Sources */ = {isa = PBXBuildFile; fileRef = OBJ_10 /* Error.swift */; };
		OBJ_76 /* Level1.swift in Sources */ = {isa = PBXBuildFile; fileRef = OBJ_11 /* Level1.swift */; };
		OBJ_77 /* Level2.swift in Sources */ = {isa = PBXBuildFile; fileRef = OBJ_12 /* Level2.swift */; };
		OBJ_78 /* Level3.swift in Sources */ = {isa = PBXBuildFile; fileRef = OBJ_13 /* Level3.swift */; };
		OBJ_79 /* Types.swift in Sources */ = {isa = PBXBuildFile; fileRef = OBJ_14 /* Types.swift */; };
		OBJ_81 /* CUDADriver.framework in Frameworks */ = {isa = PBXBuildFile; fileRef = OBJ_63 /* CUDADriver.framework */; };
		OBJ_82 /* CUDARuntime.framework in Frameworks */ = {isa = PBXBuildFile; fileRef = OBJ_64 /* CUDARuntime.framework */; };
		OBJ_91 /* CHandleCarrier.swift in Sources */ = {isa = PBXBuildFile; fileRef = OBJ_16 /* CHandleCarrier.swift */; };
		OBJ_92 /* Context.swift in Sources */ = {isa = PBXBuildFile; fileRef = OBJ_17 /* Context.swift */; };
		OBJ_93 /* Device.swift in Sources */ = {isa = PBXBuildFile; fileRef = OBJ_18 /* Device.swift */; };
		OBJ_94 /* Driver.swift in Sources */ = {isa = PBXBuildFile; fileRef = OBJ_19 /* Driver.swift */; };
		OBJ_95 /* Error.swift in Sources */ = {isa = PBXBuildFile; fileRef = OBJ_20 /* Error.swift */; };
		OBJ_96 /* Function.swift in Sources */ = {isa = PBXBuildFile; fileRef = OBJ_21 /* Function.swift */; };
		OBJ_97 /* Memory.swift in Sources */ = {isa = PBXBuildFile; fileRef = OBJ_22 /* Memory.swift */; };
		OBJ_98 /* Module.swift in Sources */ = {isa = PBXBuildFile; fileRef = OBJ_23 /* Module.swift */; };
		OBJ_99 /* PTX.swift in Sources */ = {isa = PBXBuildFile; fileRef = OBJ_24 /* PTX.swift */; };
/* End PBXBuildFile section */

/* Begin PBXContainerItemProxy section */
		2973AF091DEFE28D00DD78C1 /* PBXContainerItemProxy */ = {
			isa = PBXContainerItemProxy;
			containerPortal = OBJ_1 /* Project object */;
			proxyType = 1;
			remoteGlobalIDString = OBJ_84;
			remoteInfo = CUDADriver;
		};
		2973AF0A1DEFE28D00DD78C1 /* PBXContainerItemProxy */ = {
			isa = PBXContainerItemProxy;
			containerPortal = OBJ_1 /* Project object */;
			proxyType = 1;
			remoteGlobalIDString = OBJ_86;
			remoteInfo = CUDARuntime;
		};
		2973AF0B1DEFE28D00DD78C1 /* PBXContainerItemProxy */ = {
			isa = PBXContainerItemProxy;
			containerPortal = OBJ_1 /* Project object */;
			proxyType = 1;
			remoteGlobalIDString = OBJ_84;
			remoteInfo = CUDADriver;
		};
		2973AF0C1DEFE28D00DD78C1 /* PBXContainerItemProxy */ = {
			isa = PBXContainerItemProxy;
			containerPortal = OBJ_1 /* Project object */;
			proxyType = 1;
			remoteGlobalIDString = OBJ_84;
			remoteInfo = CUDADriver;
		};
		2973AF0D1DEFE28D00DD78C1 /* PBXContainerItemProxy */ = {
			isa = PBXContainerItemProxy;
			containerPortal = OBJ_1 /* Project object */;
			proxyType = 1;
			remoteGlobalIDString = OBJ_84;
			remoteInfo = CUDADriver;
		};
		2973AF0E1DEFE28D00DD78C1 /* PBXContainerItemProxy */ = {
			isa = PBXContainerItemProxy;
			containerPortal = OBJ_1 /* Project object */;
			proxyType = 1;
			remoteGlobalIDString = OBJ_86;
			remoteInfo = CUDARuntime;
		};
		2973AF0F1DEFE28D00DD78C1 /* PBXContainerItemProxy */ = {
			isa = PBXContainerItemProxy;
			containerPortal = OBJ_1 /* Project object */;
			proxyType = 1;
			remoteGlobalIDString = OBJ_69;
			remoteInfo = CuBLAS;
		};
		2973AF101DEFE28D00DD78C1 /* PBXContainerItemProxy */ = {
			isa = PBXContainerItemProxy;
			containerPortal = OBJ_1 /* Project object */;
			proxyType = 1;
			remoteGlobalIDString = OBJ_114;
			remoteInfo = NVRTC;
		};
		2973AF111DEFE28D00DD78C1 /* PBXContainerItemProxy */ = {
			isa = PBXContainerItemProxy;
			containerPortal = OBJ_1 /* Project object */;
			proxyType = 1;
			remoteGlobalIDString = OBJ_84;
			remoteInfo = CUDADriver;
		};
		2973AF121DEFE28D00DD78C1 /* PBXContainerItemProxy */ = {
			isa = PBXContainerItemProxy;
			containerPortal = OBJ_1 /* Project object */;
			proxyType = 1;
			remoteGlobalIDString = OBJ_86;
			remoteInfo = CUDARuntime;
		};
		2973AF131DEFE28D00DD78C1 /* PBXContainerItemProxy */ = {
			isa = PBXContainerItemProxy;
			containerPortal = OBJ_1 /* Project object */;
			proxyType = 1;
			remoteGlobalIDString = OBJ_69;
			remoteInfo = CuBLAS;
		};
		2973AF141DEFE28D00DD78C1 /* PBXContainerItemProxy */ = {
			isa = PBXContainerItemProxy;
			containerPortal = OBJ_1 /* Project object */;
			proxyType = 1;
			remoteGlobalIDString = OBJ_114;
			remoteInfo = NVRTC;
		};
		2973AF151DEFE28D00DD78C1 /* PBXContainerItemProxy */ = {
			isa = PBXContainerItemProxy;
			containerPortal = OBJ_1 /* Project object */;
			proxyType = 1;
			remoteGlobalIDString = OBJ_125;
			remoteInfo = Warp;
		};
		2973AF161DEFE28D00DD78C1 /* PBXContainerItemProxy */ = {
			isa = PBXContainerItemProxy;
			containerPortal = OBJ_1 /* Project object */;
			proxyType = 1;
			remoteGlobalIDString = OBJ_84;
			remoteInfo = CUDADriver;
		};
		2973AF171DEFE28D00DD78C1 /* PBXContainerItemProxy */ = {
			isa = PBXContainerItemProxy;
			containerPortal = OBJ_1 /* Project object */;
			proxyType = 1;
			remoteGlobalIDString = OBJ_86;
			remoteInfo = CUDARuntime;
		};
		2973AF181DEFE28D00DD78C1 /* PBXContainerItemProxy */ = {
			isa = PBXContainerItemProxy;
			containerPortal = OBJ_1 /* Project object */;
			proxyType = 1;
			remoteGlobalIDString = OBJ_69;
			remoteInfo = CuBLAS;
		};
		2973AF191DEFE28D00DD78C1 /* PBXContainerItemProxy */ = {
			isa = PBXContainerItemProxy;
			containerPortal = OBJ_1 /* Project object */;
			proxyType = 1;
			remoteGlobalIDString = OBJ_114;
			remoteInfo = NVRTC;
		};
		2973AF1A1DEFE28D00DD78C1 /* PBXContainerItemProxy */ = {
			isa = PBXContainerItemProxy;
			containerPortal = OBJ_1 /* Project object */;
			proxyType = 1;
			remoteGlobalIDString = OBJ_125;
			remoteInfo = Warp;
		};
		2973AF1B1DEFE28D00DD78C1 /* PBXContainerItemProxy */ = {
			isa = PBXContainerItemProxy;
			containerPortal = OBJ_1 /* Project object */;
			proxyType = 1;
			remoteGlobalIDString = OBJ_148;
			remoteInfo = DLVM;
		};
/* End PBXContainerItemProxy section */

/* Begin PBXFileReference section */
		OBJ_10 /* Error.swift */ = {isa = PBXFileReference; lastKnownFileType = sourcecode.swift; path = Error.swift; sourceTree = "<group>"; };
		OBJ_11 /* Level1.swift */ = {isa = PBXFileReference; lastKnownFileType = sourcecode.swift; path = Level1.swift; sourceTree = "<group>"; };
		OBJ_12 /* Level2.swift */ = {isa = PBXFileReference; lastKnownFileType = sourcecode.swift; path = Level2.swift; sourceTree = "<group>"; };
		OBJ_13 /* Level3.swift */ = {isa = PBXFileReference; lastKnownFileType = sourcecode.swift; path = Level3.swift; sourceTree = "<group>"; };
		OBJ_14 /* Types.swift */ = {isa = PBXFileReference; lastKnownFileType = sourcecode.swift; path = Types.swift; sourceTree = "<group>"; };
		OBJ_16 /* CHandleCarrier.swift */ = {isa = PBXFileReference; lastKnownFileType = sourcecode.swift; path = CHandleCarrier.swift; sourceTree = "<group>"; };
		OBJ_17 /* Context.swift */ = {isa = PBXFileReference; lastKnownFileType = sourcecode.swift; path = Context.swift; sourceTree = "<group>"; };
		OBJ_18 /* Device.swift */ = {isa = PBXFileReference; lastKnownFileType = sourcecode.swift; path = Device.swift; sourceTree = "<group>"; };
		OBJ_19 /* Driver.swift */ = {isa = PBXFileReference; lastKnownFileType = sourcecode.swift; path = Driver.swift; sourceTree = "<group>"; };
		OBJ_20 /* Error.swift */ = {isa = PBXFileReference; lastKnownFileType = sourcecode.swift; path = Error.swift; sourceTree = "<group>"; };
		OBJ_21 /* Function.swift */ = {isa = PBXFileReference; lastKnownFileType = sourcecode.swift; path = Function.swift; sourceTree = "<group>"; };
		OBJ_22 /* Memory.swift */ = {isa = PBXFileReference; lastKnownFileType = sourcecode.swift; path = Memory.swift; sourceTree = "<group>"; };
		OBJ_23 /* Module.swift */ = {isa = PBXFileReference; lastKnownFileType = sourcecode.swift; path = Module.swift; sourceTree = "<group>"; };
		OBJ_24 /* PTX.swift */ = {isa = PBXFileReference; lastKnownFileType = sourcecode.swift; path = PTX.swift; sourceTree = "<group>"; };
		OBJ_25 /* Stream.swift */ = {isa = PBXFileReference; lastKnownFileType = sourcecode.swift; path = Stream.swift; sourceTree = "<group>"; };
		OBJ_27 /* Device.swift */ = {isa = PBXFileReference; lastKnownFileType = sourcecode.swift; path = Device.swift; sourceTree = "<group>"; };
		OBJ_28 /* Error.swift */ = {isa = PBXFileReference; lastKnownFileType = sourcecode.swift; path = Error.swift; sourceTree = "<group>"; };
		OBJ_29 /* Function.swift */ = {isa = PBXFileReference; lastKnownFileType = sourcecode.swift; path = Function.swift; sourceTree = "<group>"; };
		OBJ_30 /* Memory.swift */ = {isa = PBXFileReference; lastKnownFileType = sourcecode.swift; path = Memory.swift; sourceTree = "<group>"; };
		OBJ_31 /* Stream.swift */ = {isa = PBXFileReference; lastKnownFileType = sourcecode.swift; path = Stream.swift; sourceTree = "<group>"; };
		OBJ_33 /* Compiler.swift */ = {isa = PBXFileReference; lastKnownFileType = sourcecode.swift; path = Compiler.swift; sourceTree = "<group>"; };
		OBJ_34 /* Error.swift */ = {isa = PBXFileReference; lastKnownFileType = sourcecode.swift; path = Error.swift; sourceTree = "<group>"; };
		OBJ_35 /* Option.swift */ = {isa = PBXFileReference; lastKnownFileType = sourcecode.swift; path = Option.swift; sourceTree = "<group>"; };
		OBJ_37 /* Array.swift */ = {isa = PBXFileReference; lastKnownFileType = sourcecode.swift; path = Array.swift; sourceTree = "<group>"; };
		OBJ_38 /* ArrayBuffer.swift */ = {isa = PBXFileReference; lastKnownFileType = sourcecode.swift; path = ArrayBuffer.swift; sourceTree = "<group>"; };
		OBJ_39 /* DeviceOperations.swift */ = {isa = PBXFileReference; lastKnownFileType = sourcecode.swift; path = DeviceOperations.swift; sourceTree = "<group>"; };
		OBJ_40 /* DeviceTypes.swift */ = {isa = PBXFileReference; lastKnownFileType = sourcecode.swift; path = DeviceTypes.swift; sourceTree = "<group>"; };
		OBJ_41 /* KernelDataTypes.swift */ = {isa = PBXFileReference; lastKnownFileType = sourcecode.swift; path = KernelDataTypes.swift; sourceTree = "<group>"; };
		OBJ_42 /* KernelManager.swift */ = {isa = PBXFileReference; lastKnownFileType = sourcecode.swift; path = KernelManager.swift; sourceTree = "<group>"; };
		OBJ_43 /* KernelSources.swift */ = {isa = PBXFileReference; lastKnownFileType = sourcecode.swift; path = KernelSources.swift; sourceTree = "<group>"; };
		OBJ_44 /* Value.swift */ = {isa = PBXFileReference; lastKnownFileType = sourcecode.swift; path = Value.swift; sourceTree = "<group>"; };
		OBJ_45 /* ValueBuffer.swift */ = {isa = PBXFileReference; lastKnownFileType = sourcecode.swift; path = ValueBuffer.swift; sourceTree = "<group>"; };
		OBJ_47 /* AD.swift */ = {isa = PBXFileReference; lastKnownFileType = sourcecode.swift; path = AD.swift; sourceTree = "<group>"; };
		OBJ_48 /* DNN.swift */ = {isa = PBXFileReference; lastKnownFileType = sourcecode.swift; path = DNN.swift; sourceTree = "<group>"; };
		OBJ_49 /* Error.swift */ = {isa = PBXFileReference; lastKnownFileType = sourcecode.swift; path = Error.swift; sourceTree = "<group>"; };
		OBJ_50 /* Expression.swift */ = {isa = PBXFileReference; lastKnownFileType = sourcecode.swift; path = Expression.swift; sourceTree = "<group>"; };
		OBJ_51 /* Graph.swift */ = {isa = PBXFileReference; lastKnownFileType = sourcecode.swift; path = Graph.swift; sourceTree = "<group>"; };
		OBJ_52 /* PrettyPrint.swift */ = {isa = PBXFileReference; lastKnownFileType = sourcecode.swift; path = PrettyPrint.swift; sourceTree = "<group>"; };
		OBJ_53 /* Shape.swift */ = {isa = PBXFileReference; lastKnownFileType = sourcecode.swift; path = Shape.swift; sourceTree = "<group>"; };
		OBJ_54 /* Tensor.swift */ = {isa = PBXFileReference; lastKnownFileType = sourcecode.swift; path = Tensor.swift; sourceTree = "<group>"; };
		OBJ_55 /* TensorOperators.swift */ = {isa = PBXFileReference; lastKnownFileType = sourcecode.swift; path = TensorOperators.swift; sourceTree = "<group>"; };
		OBJ_56 /* Types.swift */ = {isa = PBXFileReference; lastKnownFileType = sourcecode.swift; path = Types.swift; sourceTree = "<group>"; };
		OBJ_59 /* DLVMTests.swift */ = {isa = PBXFileReference; lastKnownFileType = sourcecode.swift; path = DLVMTests.swift; sourceTree = "<group>"; };
		OBJ_6 /* Package.swift */ = {isa = PBXFileReference; explicitFileType = sourcecode.swift; path = Package.swift; sourceTree = "<group>"; };
		OBJ_60 /* Build */ = {isa = PBXFileReference; lastKnownFileType = folder; path = Build; sourceTree = SOURCE_ROOT; };
		OBJ_62 /* CuBLAS.framework */ = {isa = PBXFileReference; explicitFileType = wrapper.framework; path = CuBLAS.framework; sourceTree = BUILT_PRODUCTS_DIR; };
		OBJ_63 /* CUDADriver.framework */ = {isa = PBXFileReference; explicitFileType = wrapper.framework; path = CUDADriver.framework; sourceTree = BUILT_PRODUCTS_DIR; };
		OBJ_64 /* CUDARuntime.framework */ = {isa = PBXFileReference; explicitFileType = wrapper.framework; path = CUDARuntime.framework; sourceTree = BUILT_PRODUCTS_DIR; };
		OBJ_65 /* NVRTC.framework */ = {isa = PBXFileReference; explicitFileType = wrapper.framework; path = NVRTC.framework; sourceTree = BUILT_PRODUCTS_DIR; };
		OBJ_66 /* Warp.framework */ = {isa = PBXFileReference; explicitFileType = wrapper.framework; path = Warp.framework; sourceTree = BUILT_PRODUCTS_DIR; };
		OBJ_67 /* DLVM.framework */ = {isa = PBXFileReference; explicitFileType = wrapper.framework; path = DLVM.framework; sourceTree = BUILT_PRODUCTS_DIR; };
		OBJ_68 /* DLVMTests.xctest */ = {isa = PBXFileReference; lastKnownFileType = file; path = DLVMTests.xctest; sourceTree = BUILT_PRODUCTS_DIR; };
		OBJ_9 /* BLAS.swift */ = {isa = PBXFileReference; lastKnownFileType = sourcecode.swift; path = BLAS.swift; sourceTree = "<group>"; };
/* End PBXFileReference section */

/* Begin PBXFrameworksBuildPhase section */
		OBJ_101 /* Frameworks */ = {
			isa = PBXFrameworksBuildPhase;
			buildActionMask = 0;
			files = (
			);
			runOnlyForDeploymentPostprocessing = 0;
		};
		OBJ_111 /* Frameworks */ = {
			isa = PBXFrameworksBuildPhase;
			buildActionMask = 0;
			files = (
				OBJ_112 /* CUDADriver.framework in Frameworks */,
			);
			runOnlyForDeploymentPostprocessing = 0;
		};
		OBJ_122 /* Frameworks */ = {
			isa = PBXFrameworksBuildPhase;
			buildActionMask = 0;
			files = (
				OBJ_123 /* CUDADriver.framework in Frameworks */,
			);
			runOnlyForDeploymentPostprocessing = 0;
		};
		OBJ_139 /* Frameworks */ = {
			isa = PBXFrameworksBuildPhase;
			buildActionMask = 0;
			files = (
				OBJ_140 /* CUDADriver.framework in Frameworks */,
				OBJ_141 /* CUDARuntime.framework in Frameworks */,
				OBJ_142 /* CuBLAS.framework in Frameworks */,
				OBJ_143 /* NVRTC.framework in Frameworks */,
			);
			runOnlyForDeploymentPostprocessing = 0;
		};
		OBJ_163 /* Frameworks */ = {
			isa = PBXFrameworksBuildPhase;
			buildActionMask = 0;
			files = (
				OBJ_164 /* CUDADriver.framework in Frameworks */,
				OBJ_165 /* CUDARuntime.framework in Frameworks */,
				OBJ_166 /* CuBLAS.framework in Frameworks */,
				OBJ_167 /* NVRTC.framework in Frameworks */,
				OBJ_168 /* Warp.framework in Frameworks */,
			);
			runOnlyForDeploymentPostprocessing = 0;
		};
		OBJ_180 /* Frameworks */ = {
			isa = PBXFrameworksBuildPhase;
			buildActionMask = 0;
			files = (
				OBJ_181 /* CUDADriver.framework in Frameworks */,
				OBJ_182 /* CUDARuntime.framework in Frameworks */,
				OBJ_183 /* CuBLAS.framework in Frameworks */,
				OBJ_184 /* NVRTC.framework in Frameworks */,
				OBJ_185 /* Warp.framework in Frameworks */,
				OBJ_186 /* DLVM.framework in Frameworks */,
			);
			runOnlyForDeploymentPostprocessing = 0;
		};
		OBJ_80 /* Frameworks */ = {
			isa = PBXFrameworksBuildPhase;
			buildActionMask = 0;
			files = (
				OBJ_81 /* CUDADriver.framework in Frameworks */,
				OBJ_82 /* CUDARuntime.framework in Frameworks */,
			);
			runOnlyForDeploymentPostprocessing = 0;
		};
/* End PBXFrameworksBuildPhase section */

/* Begin PBXGroup section */
		OBJ_15 /* CUDADriver */ = {
			isa = PBXGroup;
			children = (
				OBJ_16 /* CHandleCarrier.swift */,
				OBJ_17 /* Context.swift */,
				OBJ_18 /* Device.swift */,
				OBJ_19 /* Driver.swift */,
				OBJ_20 /* Error.swift */,
				OBJ_21 /* Function.swift */,
				OBJ_22 /* Memory.swift */,
				OBJ_23 /* Module.swift */,
				OBJ_24 /* PTX.swift */,
				OBJ_25 /* Stream.swift */,
			);
			name = CUDADriver;
			path = "Packages/CUDA-1.3.0/Sources/CUDADriver";
			sourceTree = SOURCE_ROOT;
		};
		OBJ_26 /* CUDARuntime */ = {
			isa = PBXGroup;
			children = (
				OBJ_27 /* Device.swift */,
				OBJ_28 /* Error.swift */,
				OBJ_29 /* Function.swift */,
				OBJ_30 /* Memory.swift */,
				OBJ_31 /* Stream.swift */,
			);
			name = CUDARuntime;
			path = "Packages/CUDA-1.3.0/Sources/CUDARuntime";
			sourceTree = SOURCE_ROOT;
		};
		OBJ_32 /* NVRTC */ = {
			isa = PBXGroup;
			children = (
				OBJ_33 /* Compiler.swift */,
				OBJ_34 /* Error.swift */,
				OBJ_35 /* Option.swift */,
			);
			name = NVRTC;
			path = "Packages/CUDA-1.3.0/Sources/NVRTC";
			sourceTree = SOURCE_ROOT;
		};
		OBJ_36 /* Warp */ = {
			isa = PBXGroup;
			children = (
				OBJ_37 /* Array.swift */,
				OBJ_38 /* ArrayBuffer.swift */,
				OBJ_39 /* DeviceOperations.swift */,
				OBJ_40 /* DeviceTypes.swift */,
				OBJ_41 /* KernelDataTypes.swift */,
				OBJ_42 /* KernelManager.swift */,
				OBJ_43 /* KernelSources.swift */,
				OBJ_44 /* Value.swift */,
				OBJ_45 /* ValueBuffer.swift */,
			);
			name = Warp;
			path = "Packages/CUDA-1.3.0/Sources/Warp";
			sourceTree = SOURCE_ROOT;
		};
		OBJ_46 /* DLVM */ = {
			isa = PBXGroup;
			children = (
				OBJ_47 /* AD.swift */,
				OBJ_48 /* DNN.swift */,
				OBJ_49 /* Error.swift */,
				OBJ_50 /* Expression.swift */,
				OBJ_51 /* Graph.swift */,
				OBJ_52 /* PrettyPrint.swift */,
				OBJ_53 /* Shape.swift */,
				OBJ_54 /* Tensor.swift */,
				OBJ_55 /* TensorOperators.swift */,
				OBJ_56 /* Types.swift */,
			);
			name = DLVM;
			path = Sources/DLVM;
			sourceTree = SOURCE_ROOT;
		};
		OBJ_5 /*  */ = {
			isa = PBXGroup;
			children = (
				OBJ_6 /* Package.swift */,
				OBJ_7 /* Sources */,
				OBJ_57 /* Tests */,
				OBJ_60 /* Build */,
				OBJ_61 /* Products */,
			);
			name = "";
			sourceTree = "<group>";
		};
		OBJ_57 /* Tests */ = {
			isa = PBXGroup;
			children = (
				OBJ_58 /* DLVMTests */,
			);
			path = Tests;
			sourceTree = "<group>";
		};
		OBJ_58 /* DLVMTests */ = {
			isa = PBXGroup;
			children = (
				OBJ_59 /* DLVMTests.swift */,
			);
			name = DLVMTests;
			path = Tests/DLVMTests;
			sourceTree = SOURCE_ROOT;
		};
		OBJ_61 /* Products */ = {
			isa = PBXGroup;
			children = (
				OBJ_62 /* CuBLAS.framework */,
				OBJ_63 /* CUDADriver.framework */,
				OBJ_64 /* CUDARuntime.framework */,
				OBJ_65 /* NVRTC.framework */,
				OBJ_66 /* Warp.framework */,
				OBJ_67 /* DLVM.framework */,
				OBJ_68 /* DLVMTests.xctest */,
			);
			name = Products;
			sourceTree = BUILT_PRODUCTS_DIR;
		};
		OBJ_7 /* Sources */ = {
			isa = PBXGroup;
			children = (
				OBJ_8 /* CuBLAS */,
				OBJ_15 /* CUDADriver */,
				OBJ_26 /* CUDARuntime */,
				OBJ_32 /* NVRTC */,
				OBJ_36 /* Warp */,
				OBJ_46 /* DLVM */,
			);
			path = Sources;
			sourceTree = "<group>";
		};
		OBJ_8 /* CuBLAS */ = {
			isa = PBXGroup;
			children = (
				OBJ_9 /* BLAS.swift */,
				OBJ_10 /* Error.swift */,
				OBJ_11 /* Level1.swift */,
				OBJ_12 /* Level2.swift */,
				OBJ_13 /* Level3.swift */,
				OBJ_14 /* Types.swift */,
			);
			name = CuBLAS;
			path = "Packages/CUDA-1.3.0/Sources/CuBLAS";
			sourceTree = SOURCE_ROOT;
		};
/* End PBXGroup section */

/* Begin PBXNativeTarget section */
		OBJ_114 /* NVRTC */ = {
			isa = PBXNativeTarget;
			buildConfigurationList = OBJ_115 /* Build configuration list for PBXNativeTarget "NVRTC" */;
			buildPhases = (
				OBJ_118 /* Sources */,
				OBJ_122 /* Frameworks */,
			);
			buildRules = (
			);
			dependencies = (
				OBJ_124 /* PBXTargetDependency */,
			);
			name = NVRTC;
			productName = NVRTC;
			productReference = OBJ_65 /* NVRTC.framework */;
			productType = "com.apple.product-type.framework";
		};
		OBJ_125 /* Warp */ = {
			isa = PBXNativeTarget;
			buildConfigurationList = OBJ_126 /* Build configuration list for PBXNativeTarget "Warp" */;
			buildPhases = (
				OBJ_129 /* Sources */,
				OBJ_139 /* Frameworks */,
			);
			buildRules = (
			);
			dependencies = (
				OBJ_144 /* PBXTargetDependency */,
				OBJ_145 /* PBXTargetDependency */,
				OBJ_146 /* PBXTargetDependency */,
				OBJ_147 /* PBXTargetDependency */,
			);
			name = Warp;
			productName = Warp;
			productReference = OBJ_66 /* Warp.framework */;
			productType = "com.apple.product-type.framework";
		};
		OBJ_148 /* DLVM */ = {
			isa = PBXNativeTarget;
			buildConfigurationList = OBJ_149 /* Build configuration list for PBXNativeTarget "DLVM" */;
			buildPhases = (
				OBJ_152 /* Sources */,
				OBJ_163 /* Frameworks */,
			);
			buildRules = (
			);
			dependencies = (
				OBJ_169 /* PBXTargetDependency */,
				OBJ_170 /* PBXTargetDependency */,
				OBJ_171 /* PBXTargetDependency */,
				OBJ_172 /* PBXTargetDependency */,
				OBJ_173 /* PBXTargetDependency */,
			);
			name = DLVM;
			productName = DLVM;
			productReference = OBJ_67 /* DLVM.framework */;
			productType = "com.apple.product-type.framework";
		};
		OBJ_174 /* DLVMTests */ = {
			isa = PBXNativeTarget;
			buildConfigurationList = OBJ_175 /* Build configuration list for PBXNativeTarget "DLVMTests" */;
			buildPhases = (
				OBJ_178 /* Sources */,
				OBJ_180 /* Frameworks */,
			);
			buildRules = (
			);
			dependencies = (
				OBJ_187 /* PBXTargetDependency */,
				OBJ_188 /* PBXTargetDependency */,
				OBJ_189 /* PBXTargetDependency */,
				OBJ_190 /* PBXTargetDependency */,
				OBJ_191 /* PBXTargetDependency */,
				OBJ_192 /* PBXTargetDependency */,
			);
			name = DLVMTests;
			productName = DLVMTests;
			productReference = OBJ_68 /* DLVMTests.xctest */;
			productType = "com.apple.product-type.bundle.unit-test";
		};
		OBJ_69 /* CuBLAS */ = {
			isa = PBXNativeTarget;
			buildConfigurationList = OBJ_70 /* Build configuration list for PBXNativeTarget "CuBLAS" */;
			buildPhases = (
				OBJ_73 /* Sources */,
				OBJ_80 /* Frameworks */,
			);
			buildRules = (
			);
			dependencies = (
				OBJ_83 /* PBXTargetDependency */,
				OBJ_85 /* PBXTargetDependency */,
			);
			name = CuBLAS;
			productName = CuBLAS;
			productReference = OBJ_62 /* CuBLAS.framework */;
			productType = "com.apple.product-type.framework";
		};
		OBJ_84 /* CUDADriver */ = {
			isa = PBXNativeTarget;
			buildConfigurationList = OBJ_87 /* Build configuration list for PBXNativeTarget "CUDADriver" */;
			buildPhases = (
				OBJ_90 /* Sources */,
				OBJ_101 /* Frameworks */,
			);
			buildRules = (
			);
			dependencies = (
			);
			name = CUDADriver;
			productName = CUDADriver;
			productReference = OBJ_63 /* CUDADriver.framework */;
			productType = "com.apple.product-type.framework";
		};
		OBJ_86 /* CUDARuntime */ = {
			isa = PBXNativeTarget;
			buildConfigurationList = OBJ_102 /* Build configuration list for PBXNativeTarget "CUDARuntime" */;
			buildPhases = (
				OBJ_105 /* Sources */,
				OBJ_111 /* Frameworks */,
			);
			buildRules = (
			);
			dependencies = (
				OBJ_113 /* PBXTargetDependency */,
			);
			name = CUDARuntime;
			productName = CUDARuntime;
			productReference = OBJ_64 /* CUDARuntime.framework */;
			productType = "com.apple.product-type.framework";
		};
/* End PBXNativeTarget section */

/* Begin PBXProject section */
		OBJ_1 /* Project object */ = {
			isa = PBXProject;
			attributes = {
				LastUpgradeCheck = 9999;
			};
			buildConfigurationList = OBJ_2 /* Build configuration list for PBXProject "DLVM" */;
			compatibilityVersion = "Xcode 3.2";
			developmentRegion = English;
			hasScannedForEncodings = 0;
			knownRegions = (
				en,
			);
			mainGroup = OBJ_5 /*  */;
			productRefGroup = OBJ_61 /* Products */;
			projectDirPath = "";
			projectRoot = "";
			targets = (
				OBJ_69 /* CuBLAS */,
				OBJ_84 /* CUDADriver */,
				OBJ_86 /* CUDARuntime */,
				OBJ_114 /* NVRTC */,
				OBJ_125 /* Warp */,
				OBJ_148 /* DLVM */,
				OBJ_174 /* DLVMTests */,
			);
		};
/* End PBXProject section */

/* Begin PBXSourcesBuildPhase section */
		OBJ_105 /* Sources */ = {
			isa = PBXSourcesBuildPhase;
			buildActionMask = 0;
			files = (
				OBJ_106 /* Device.swift in Sources */,
				OBJ_107 /* Error.swift in Sources */,
				OBJ_108 /* Function.swift in Sources */,
				OBJ_109 /* Memory.swift in Sources */,
				OBJ_110 /* Stream.swift in Sources */,
			);
			runOnlyForDeploymentPostprocessing = 0;
		};
		OBJ_118 /* Sources */ = {
			isa = PBXSourcesBuildPhase;
			buildActionMask = 0;
			files = (
				OBJ_119 /* Compiler.swift in Sources */,
				OBJ_120 /* Error.swift in Sources */,
				OBJ_121 /* Option.swift in Sources */,
			);
			runOnlyForDeploymentPostprocessing = 0;
		};
		OBJ_129 /* Sources */ = {
			isa = PBXSourcesBuildPhase;
			buildActionMask = 0;
			files = (
				OBJ_130 /* Array.swift in Sources */,
				OBJ_131 /* ArrayBuffer.swift in Sources */,
				OBJ_132 /* DeviceOperations.swift in Sources */,
				OBJ_133 /* DeviceTypes.swift in Sources */,
				OBJ_134 /* KernelDataTypes.swift in Sources */,
				OBJ_135 /* KernelManager.swift in Sources */,
				OBJ_136 /* KernelSources.swift in Sources */,
				OBJ_137 /* Value.swift in Sources */,
				OBJ_138 /* ValueBuffer.swift in Sources */,
			);
			runOnlyForDeploymentPostprocessing = 0;
		};
		OBJ_152 /* Sources */ = {
			isa = PBXSourcesBuildPhase;
			buildActionMask = 0;
			files = (
				OBJ_153 /* AD.swift in Sources */,
				OBJ_154 /* DNN.swift in Sources */,
				OBJ_155 /* Error.swift in Sources */,
				OBJ_156 /* Expression.swift in Sources */,
				OBJ_157 /* Graph.swift in Sources */,
				OBJ_158 /* PrettyPrint.swift in Sources */,
				OBJ_159 /* Shape.swift in Sources */,
				OBJ_160 /* Tensor.swift in Sources */,
				OBJ_161 /* TensorOperators.swift in Sources */,
				OBJ_162 /* Types.swift in Sources */,
			);
			runOnlyForDeploymentPostprocessing = 0;
		};
		OBJ_178 /* Sources */ = {
			isa = PBXSourcesBuildPhase;
			buildActionMask = 0;
			files = (
				OBJ_179 /* DLVMTests.swift in Sources */,
			);
			runOnlyForDeploymentPostprocessing = 0;
		};
		OBJ_73 /* Sources */ = {
			isa = PBXSourcesBuildPhase;
			buildActionMask = 0;
			files = (
				OBJ_74 /* BLAS.swift in Sources */,
				OBJ_75 /* Error.swift in Sources */,
				OBJ_76 /* Level1.swift in Sources */,
				OBJ_77 /* Level2.swift in Sources */,
				OBJ_78 /* Level3.swift in Sources */,
				OBJ_79 /* Types.swift in Sources */,
			);
			runOnlyForDeploymentPostprocessing = 0;
		};
		OBJ_90 /* Sources */ = {
			isa = PBXSourcesBuildPhase;
			buildActionMask = 0;
			files = (
				OBJ_91 /* CHandleCarrier.swift in Sources */,
				OBJ_92 /* Context.swift in Sources */,
				OBJ_93 /* Device.swift in Sources */,
				OBJ_94 /* Driver.swift in Sources */,
				OBJ_95 /* Error.swift in Sources */,
				OBJ_96 /* Function.swift in Sources */,
				OBJ_97 /* Memory.swift in Sources */,
				OBJ_98 /* Module.swift in Sources */,
				OBJ_99 /* PTX.swift in Sources */,
				OBJ_100 /* Stream.swift in Sources */,
			);
			runOnlyForDeploymentPostprocessing = 0;
		};
/* End PBXSourcesBuildPhase section */

/* Begin PBXTargetDependency section */
		OBJ_113 /* PBXTargetDependency */ = {
			isa = PBXTargetDependency;
			target = OBJ_84 /* CUDADriver */;
			targetProxy = 2973AF0B1DEFE28D00DD78C1 /* PBXContainerItemProxy */;
		};
		OBJ_124 /* PBXTargetDependency */ = {
			isa = PBXTargetDependency;
			target = OBJ_84 /* CUDADriver */;
			targetProxy = 2973AF0C1DEFE28D00DD78C1 /* PBXContainerItemProxy */;
		};
		OBJ_144 /* PBXTargetDependency */ = {
			isa = PBXTargetDependency;
			target = OBJ_84 /* CUDADriver */;
			targetProxy = 2973AF0D1DEFE28D00DD78C1 /* PBXContainerItemProxy */;
		};
		OBJ_145 /* PBXTargetDependency */ = {
			isa = PBXTargetDependency;
			target = OBJ_86 /* CUDARuntime */;
			targetProxy = 2973AF0E1DEFE28D00DD78C1 /* PBXContainerItemProxy */;
		};
		OBJ_146 /* PBXTargetDependency */ = {
			isa = PBXTargetDependency;
			target = OBJ_69 /* CuBLAS */;
			targetProxy = 2973AF0F1DEFE28D00DD78C1 /* PBXContainerItemProxy */;
		};
		OBJ_147 /* PBXTargetDependency */ = {
			isa = PBXTargetDependency;
			target = OBJ_114 /* NVRTC */;
			targetProxy = 2973AF101DEFE28D00DD78C1 /* PBXContainerItemProxy */;
		};
		OBJ_169 /* PBXTargetDependency */ = {
			isa = PBXTargetDependency;
			target = OBJ_84 /* CUDADriver */;
			targetProxy = 2973AF111DEFE28D00DD78C1 /* PBXContainerItemProxy */;
		};
		OBJ_170 /* PBXTargetDependency */ = {
			isa = PBXTargetDependency;
			target = OBJ_86 /* CUDARuntime */;
			targetProxy = 2973AF121DEFE28D00DD78C1 /* PBXContainerItemProxy */;
		};
		OBJ_171 /* PBXTargetDependency */ = {
			isa = PBXTargetDependency;
			target = OBJ_69 /* CuBLAS */;
			targetProxy = 2973AF131DEFE28D00DD78C1 /* PBXContainerItemProxy */;
		};
		OBJ_172 /* PBXTargetDependency */ = {
			isa = PBXTargetDependency;
			target = OBJ_114 /* NVRTC */;
			targetProxy = 2973AF141DEFE28D00DD78C1 /* PBXContainerItemProxy */;
		};
		OBJ_173 /* PBXTargetDependency */ = {
			isa = PBXTargetDependency;
			target = OBJ_125 /* Warp */;
			targetProxy = 2973AF151DEFE28D00DD78C1 /* PBXContainerItemProxy */;
		};
		OBJ_187 /* PBXTargetDependency */ = {
			isa = PBXTargetDependency;
			target = OBJ_84 /* CUDADriver */;
			targetProxy = 2973AF161DEFE28D00DD78C1 /* PBXContainerItemProxy */;
		};
		OBJ_188 /* PBXTargetDependency */ = {
			isa = PBXTargetDependency;
			target = OBJ_86 /* CUDARuntime */;
			targetProxy = 2973AF171DEFE28D00DD78C1 /* PBXContainerItemProxy */;
		};
		OBJ_189 /* PBXTargetDependency */ = {
			isa = PBXTargetDependency;
			target = OBJ_69 /* CuBLAS */;
			targetProxy = 2973AF181DEFE28D00DD78C1 /* PBXContainerItemProxy */;
		};
		OBJ_190 /* PBXTargetDependency */ = {
			isa = PBXTargetDependency;
			target = OBJ_114 /* NVRTC */;
			targetProxy = 2973AF191DEFE28D00DD78C1 /* PBXContainerItemProxy */;
		};
		OBJ_191 /* PBXTargetDependency */ = {
			isa = PBXTargetDependency;
			target = OBJ_125 /* Warp */;
			targetProxy = 2973AF1A1DEFE28D00DD78C1 /* PBXContainerItemProxy */;
		};
		OBJ_192 /* PBXTargetDependency */ = {
			isa = PBXTargetDependency;
			target = OBJ_148 /* DLVM */;
			targetProxy = 2973AF1B1DEFE28D00DD78C1 /* PBXContainerItemProxy */;
		};
		OBJ_83 /* PBXTargetDependency */ = {
			isa = PBXTargetDependency;
			target = OBJ_84 /* CUDADriver */;
			targetProxy = 2973AF091DEFE28D00DD78C1 /* PBXContainerItemProxy */;
		};
		OBJ_85 /* PBXTargetDependency */ = {
			isa = PBXTargetDependency;
			target = OBJ_86 /* CUDARuntime */;
			targetProxy = 2973AF0A1DEFE28D00DD78C1 /* PBXContainerItemProxy */;
		};
/* End PBXTargetDependency section */

/* Begin XCBuildConfiguration section */
		OBJ_103 /* Debug */ = {
			isa = XCBuildConfiguration;
			buildSettings = {
				ENABLE_TESTABILITY = YES;
				FRAMEWORK_SEARCH_PATHS = (
					"$(inherited)",
					"$(PLATFORM_DIR)/Developer/Library/Frameworks",
				);
				HEADER_SEARCH_PATHS = (
					"$(inherited)",
					"Packages/CCUDA-1.4.0",
				);
				INFOPLIST_FILE = DLVM.xcodeproj/CUDARuntime_Info.plist;
				LD_RUNPATH_SEARCH_PATHS = "$(TOOLCHAIN_DIR)/usr/lib/swift/macosx";
				OTHER_LDFLAGS = "$(inherited)";
				OTHER_SWIFT_FLAGS = "$(inherited)";
				PRODUCT_BUNDLE_IDENTIFIER = CUDARuntime;
				PRODUCT_MODULE_NAME = "$(TARGET_NAME:c99extidentifier)";
				PRODUCT_NAME = "$(TARGET_NAME:c99extidentifier)";
				TARGET_NAME = CUDARuntime;
			};
			name = Debug;
		};
		OBJ_104 /* Release */ = {
			isa = XCBuildConfiguration;
			buildSettings = {
				ENABLE_TESTABILITY = YES;
				FRAMEWORK_SEARCH_PATHS = (
					"$(inherited)",
					"$(PLATFORM_DIR)/Developer/Library/Frameworks",
				);
				HEADER_SEARCH_PATHS = (
					"$(inherited)",
					"Packages/CCUDA-1.4.0",
				);
				INFOPLIST_FILE = DLVM.xcodeproj/CUDARuntime_Info.plist;
				LD_RUNPATH_SEARCH_PATHS = "$(TOOLCHAIN_DIR)/usr/lib/swift/macosx";
				OTHER_LDFLAGS = "$(inherited)";
				OTHER_SWIFT_FLAGS = "$(inherited)";
				PRODUCT_BUNDLE_IDENTIFIER = CUDARuntime;
				PRODUCT_MODULE_NAME = "$(TARGET_NAME:c99extidentifier)";
				PRODUCT_NAME = "$(TARGET_NAME:c99extidentifier)";
				TARGET_NAME = CUDARuntime;
			};
			name = Release;
		};
		OBJ_116 /* Debug */ = {
			isa = XCBuildConfiguration;
			buildSettings = {
				ENABLE_TESTABILITY = YES;
				FRAMEWORK_SEARCH_PATHS = (
					"$(inherited)",
					"$(PLATFORM_DIR)/Developer/Library/Frameworks",
				);
				HEADER_SEARCH_PATHS = (
					"$(inherited)",
					"Packages/CCUDA-1.4.0",
				);
				INFOPLIST_FILE = DLVM.xcodeproj/NVRTC_Info.plist;
				LD_RUNPATH_SEARCH_PATHS = "$(TOOLCHAIN_DIR)/usr/lib/swift/macosx";
				OTHER_LDFLAGS = "$(inherited)";
				OTHER_SWIFT_FLAGS = "$(inherited)";
				PRODUCT_BUNDLE_IDENTIFIER = NVRTC;
				PRODUCT_MODULE_NAME = "$(TARGET_NAME:c99extidentifier)";
				PRODUCT_NAME = "$(TARGET_NAME:c99extidentifier)";
				TARGET_NAME = NVRTC;
			};
			name = Debug;
		};
		OBJ_117 /* Release */ = {
			isa = XCBuildConfiguration;
			buildSettings = {
				ENABLE_TESTABILITY = YES;
				FRAMEWORK_SEARCH_PATHS = (
					"$(inherited)",
					"$(PLATFORM_DIR)/Developer/Library/Frameworks",
				);
				HEADER_SEARCH_PATHS = (
					"$(inherited)",
					"Packages/CCUDA-1.4.0",
				);
				INFOPLIST_FILE = DLVM.xcodeproj/NVRTC_Info.plist;
				LD_RUNPATH_SEARCH_PATHS = "$(TOOLCHAIN_DIR)/usr/lib/swift/macosx";
				OTHER_LDFLAGS = "$(inherited)";
				OTHER_SWIFT_FLAGS = "$(inherited)";
				PRODUCT_BUNDLE_IDENTIFIER = NVRTC;
				PRODUCT_MODULE_NAME = "$(TARGET_NAME:c99extidentifier)";
				PRODUCT_NAME = "$(TARGET_NAME:c99extidentifier)";
				TARGET_NAME = NVRTC;
			};
			name = Release;
		};
		OBJ_127 /* Debug */ = {
			isa = XCBuildConfiguration;
			buildSettings = {
				ENABLE_TESTABILITY = YES;
				FRAMEWORK_SEARCH_PATHS = (
					"$(inherited)",
					"$(PLATFORM_DIR)/Developer/Library/Frameworks",
				);
				HEADER_SEARCH_PATHS = (
					"$(inherited)",
					"Packages/CCUDA-1.4.0",
				);
				INFOPLIST_FILE = DLVM.xcodeproj/Warp_Info.plist;
				LD_RUNPATH_SEARCH_PATHS = "$(TOOLCHAIN_DIR)/usr/lib/swift/macosx";
				OTHER_LDFLAGS = "$(inherited)";
				OTHER_SWIFT_FLAGS = "$(inherited)";
				PRODUCT_BUNDLE_IDENTIFIER = Warp;
				PRODUCT_MODULE_NAME = "$(TARGET_NAME:c99extidentifier)";
				PRODUCT_NAME = "$(TARGET_NAME:c99extidentifier)";
				TARGET_NAME = Warp;
			};
			name = Debug;
		};
		OBJ_128 /* Release */ = {
			isa = XCBuildConfiguration;
			buildSettings = {
				ENABLE_TESTABILITY = YES;
				FRAMEWORK_SEARCH_PATHS = (
					"$(inherited)",
					"$(PLATFORM_DIR)/Developer/Library/Frameworks",
				);
				HEADER_SEARCH_PATHS = (
					"$(inherited)",
					"Packages/CCUDA-1.4.0",
				);
				INFOPLIST_FILE = DLVM.xcodeproj/Warp_Info.plist;
				LD_RUNPATH_SEARCH_PATHS = "$(TOOLCHAIN_DIR)/usr/lib/swift/macosx";
				OTHER_LDFLAGS = "$(inherited)";
				OTHER_SWIFT_FLAGS = "$(inherited)";
				PRODUCT_BUNDLE_IDENTIFIER = Warp;
				PRODUCT_MODULE_NAME = "$(TARGET_NAME:c99extidentifier)";
				PRODUCT_NAME = "$(TARGET_NAME:c99extidentifier)";
				TARGET_NAME = Warp;
			};
			name = Release;
		};
		OBJ_150 /* Debug */ = {
			isa = XCBuildConfiguration;
			buildSettings = {
				ENABLE_TESTABILITY = YES;
				FRAMEWORK_SEARCH_PATHS = (
					"$(inherited)",
					"$(PLATFORM_DIR)/Developer/Library/Frameworks",
				);
				HEADER_SEARCH_PATHS = (
					"$(inherited)",
					"Packages/CCUDA-1.4.0",
				);
				INFOPLIST_FILE = DLVM.xcodeproj/DLVM_Info.plist;
				LD_RUNPATH_SEARCH_PATHS = "$(TOOLCHAIN_DIR)/usr/lib/swift/macosx";
				OTHER_LDFLAGS = "$(inherited)";
				OTHER_SWIFT_FLAGS = "$(inherited)";
				PRODUCT_BUNDLE_IDENTIFIER = DLVM;
				PRODUCT_MODULE_NAME = "$(TARGET_NAME:c99extidentifier)";
				PRODUCT_NAME = "$(TARGET_NAME:c99extidentifier)";
				TARGET_NAME = DLVM;
			};
			name = Debug;
		};
		OBJ_151 /* Release */ = {
			isa = XCBuildConfiguration;
			buildSettings = {
				ENABLE_TESTABILITY = YES;
				FRAMEWORK_SEARCH_PATHS = (
					"$(inherited)",
					"$(PLATFORM_DIR)/Developer/Library/Frameworks",
				);
				HEADER_SEARCH_PATHS = (
					"$(inherited)",
					"Packages/CCUDA-1.4.0",
				);
				INFOPLIST_FILE = DLVM.xcodeproj/DLVM_Info.plist;
				LD_RUNPATH_SEARCH_PATHS = "$(TOOLCHAIN_DIR)/usr/lib/swift/macosx";
				OTHER_LDFLAGS = "$(inherited)";
				OTHER_SWIFT_FLAGS = "$(inherited)";
				PRODUCT_BUNDLE_IDENTIFIER = DLVM;
				PRODUCT_MODULE_NAME = "$(TARGET_NAME:c99extidentifier)";
				PRODUCT_NAME = "$(TARGET_NAME:c99extidentifier)";
				TARGET_NAME = DLVM;
			};
			name = Release;
		};
		OBJ_176 /* Debug */ = {
			isa = XCBuildConfiguration;
			buildSettings = {
				EMBEDDED_CONTENT_CONTAINS_SWIFT = YES;
				FRAMEWORK_SEARCH_PATHS = (
					"$(inherited)",
					"$(PLATFORM_DIR)/Developer/Library/Frameworks",
				);
				HEADER_SEARCH_PATHS = (
					"$(inherited)",
					"Packages/CCUDA-1.4.0",
				);
				INFOPLIST_FILE = DLVM.xcodeproj/DLVMTests_Info.plist;
				LD_RUNPATH_SEARCH_PATHS = "@loader_path/../Frameworks";
				OTHER_LDFLAGS = "$(inherited)";
				OTHER_SWIFT_FLAGS = "$(inherited)";
				TARGET_NAME = DLVMTests;
			};
			name = Debug;
		};
		OBJ_177 /* Release */ = {
			isa = XCBuildConfiguration;
			buildSettings = {
				EMBEDDED_CONTENT_CONTAINS_SWIFT = YES;
				FRAMEWORK_SEARCH_PATHS = (
					"$(inherited)",
					"$(PLATFORM_DIR)/Developer/Library/Frameworks",
				);
				HEADER_SEARCH_PATHS = (
					"$(inherited)",
					"Packages/CCUDA-1.4.0",
				);
				INFOPLIST_FILE = DLVM.xcodeproj/DLVMTests_Info.plist;
				LD_RUNPATH_SEARCH_PATHS = "@loader_path/../Frameworks";
				OTHER_LDFLAGS = "$(inherited)";
				OTHER_SWIFT_FLAGS = "$(inherited)";
				TARGET_NAME = DLVMTests;
			};
			name = Release;
		};
		OBJ_3 /* Debug */ = {
			isa = XCBuildConfiguration;
			buildSettings = {
				COMBINE_HIDPI_IMAGES = YES;
				COPY_PHASE_STRIP = NO;
				DEBUG_INFORMATION_FORMAT = dwarf;
				DYLIB_INSTALL_NAME_BASE = "@rpath";
				ENABLE_NS_ASSERTIONS = YES;
				GCC_OPTIMIZATION_LEVEL = 0;
				LIBRARY_SEARCH_PATHS = /usr/local/cuda/lib;
				MACOSX_DEPLOYMENT_TARGET = 10.10;
				ONLY_ACTIVE_ARCH = YES;
				OTHER_SWIFT_FLAGS = "-DXcode";
				PRODUCT_NAME = "$(TARGET_NAME)";
				SDKROOT = macosx;
				SUPPORTED_PLATFORMS = "macosx iphoneos iphonesimulator appletvos appletvsimulator watchos watchsimulator";
				SWIFT_ACTIVE_COMPILATION_CONDITIONS = SWIFT_PACKAGE;
				SWIFT_OPTIMIZATION_LEVEL = "-Onone";
				SWIFT_VERSION = 3.0;
				USE_HEADERMAP = NO;
			};
			name = Debug;
		};
		OBJ_4 /* Release */ = {
			isa = XCBuildConfiguration;
			buildSettings = {
				COMBINE_HIDPI_IMAGES = YES;
				COPY_PHASE_STRIP = YES;
				DEBUG_INFORMATION_FORMAT = "dwarf-with-dsym";
				DYLIB_INSTALL_NAME_BASE = "@rpath";
				GCC_OPTIMIZATION_LEVEL = s;
				LIBRARY_SEARCH_PATHS = /usr/local/cuda/lib;
				MACOSX_DEPLOYMENT_TARGET = 10.10;
				OTHER_SWIFT_FLAGS = "-DXcode";
				PRODUCT_NAME = "$(TARGET_NAME)";
				SDKROOT = macosx;
				SUPPORTED_PLATFORMS = "macosx iphoneos iphonesimulator appletvos appletvsimulator watchos watchsimulator";
				SWIFT_ACTIVE_COMPILATION_CONDITIONS = SWIFT_PACKAGE;
				SWIFT_OPTIMIZATION_LEVEL = "-O";
				SWIFT_VERSION = 3.0;
				USE_HEADERMAP = NO;
			};
			name = Release;
		};
		OBJ_71 /* Debug */ = {
			isa = XCBuildConfiguration;
			buildSettings = {
				ENABLE_TESTABILITY = YES;
				FRAMEWORK_SEARCH_PATHS = (
					"$(inherited)",
					"$(PLATFORM_DIR)/Developer/Library/Frameworks",
				);
				HEADER_SEARCH_PATHS = (
					"$(inherited)",
					"Packages/CCUDA-1.4.0",
				);
				INFOPLIST_FILE = DLVM.xcodeproj/CuBLAS_Info.plist;
				LD_RUNPATH_SEARCH_PATHS = "$(TOOLCHAIN_DIR)/usr/lib/swift/macosx";
				OTHER_LDFLAGS = "$(inherited)";
				OTHER_SWIFT_FLAGS = "$(inherited)";
				PRODUCT_BUNDLE_IDENTIFIER = CuBLAS;
				PRODUCT_MODULE_NAME = "$(TARGET_NAME:c99extidentifier)";
				PRODUCT_NAME = "$(TARGET_NAME:c99extidentifier)";
				TARGET_NAME = CuBLAS;
			};
			name = Debug;
		};
		OBJ_72 /* Release */ = {
			isa = XCBuildConfiguration;
			buildSettings = {
				ENABLE_TESTABILITY = YES;
				FRAMEWORK_SEARCH_PATHS = (
					"$(inherited)",
					"$(PLATFORM_DIR)/Developer/Library/Frameworks",
				);
				HEADER_SEARCH_PATHS = (
					"$(inherited)",
					"Packages/CCUDA-1.4.0",
				);
				INFOPLIST_FILE = DLVM.xcodeproj/CuBLAS_Info.plist;
				LD_RUNPATH_SEARCH_PATHS = "$(TOOLCHAIN_DIR)/usr/lib/swift/macosx";
				OTHER_LDFLAGS = "$(inherited)";
				OTHER_SWIFT_FLAGS = "$(inherited)";
				PRODUCT_BUNDLE_IDENTIFIER = CuBLAS;
				PRODUCT_MODULE_NAME = "$(TARGET_NAME:c99extidentifier)";
				PRODUCT_NAME = "$(TARGET_NAME:c99extidentifier)";
				TARGET_NAME = CuBLAS;
			};
			name = Release;
		};
		OBJ_88 /* Debug */ = {
			isa = XCBuildConfiguration;
			buildSettings = {
				ENABLE_TESTABILITY = YES;
				FRAMEWORK_SEARCH_PATHS = (
					"$(inherited)",
					"$(PLATFORM_DIR)/Developer/Library/Frameworks",
				);
				HEADER_SEARCH_PATHS = (
					"$(inherited)",
					"Packages/CCUDA-1.4.0",
				);
				INFOPLIST_FILE = DLVM.xcodeproj/CUDADriver_Info.plist;
				LD_RUNPATH_SEARCH_PATHS = "$(TOOLCHAIN_DIR)/usr/lib/swift/macosx";
				OTHER_LDFLAGS = "$(inherited)";
				OTHER_SWIFT_FLAGS = "$(inherited)";
				PRODUCT_BUNDLE_IDENTIFIER = CUDADriver;
				PRODUCT_MODULE_NAME = "$(TARGET_NAME:c99extidentifier)";
				PRODUCT_NAME = "$(TARGET_NAME:c99extidentifier)";
				TARGET_NAME = CUDADriver;
			};
			name = Debug;
		};
		OBJ_89 /* Release */ = {
			isa = XCBuildConfiguration;
			buildSettings = {
				ENABLE_TESTABILITY = YES;
				FRAMEWORK_SEARCH_PATHS = (
					"$(inherited)",
					"$(PLATFORM_DIR)/Developer/Library/Frameworks",
				);
				HEADER_SEARCH_PATHS = (
					"$(inherited)",
					"Packages/CCUDA-1.4.0",
				);
				INFOPLIST_FILE = DLVM.xcodeproj/CUDADriver_Info.plist;
				LD_RUNPATH_SEARCH_PATHS = "$(TOOLCHAIN_DIR)/usr/lib/swift/macosx";
				OTHER_LDFLAGS = "$(inherited)";
				OTHER_SWIFT_FLAGS = "$(inherited)";
				PRODUCT_BUNDLE_IDENTIFIER = CUDADriver;
				PRODUCT_MODULE_NAME = "$(TARGET_NAME:c99extidentifier)";
				PRODUCT_NAME = "$(TARGET_NAME:c99extidentifier)";
				TARGET_NAME = CUDADriver;
			};
			name = Release;
		};
/* End XCBuildConfiguration section */

/* Begin XCConfigurationList section */
		OBJ_102 /* Build configuration list for PBXNativeTarget "CUDARuntime" */ = {
			isa = XCConfigurationList;
			buildConfigurations = (
				OBJ_103 /* Debug */,
				OBJ_104 /* Release */,
			);
			defaultConfigurationIsVisible = 0;
			defaultConfigurationName = Debug;
		};
		OBJ_115 /* Build configuration list for PBXNativeTarget "NVRTC" */ = {
			isa = XCConfigurationList;
			buildConfigurations = (
				OBJ_116 /* Debug */,
				OBJ_117 /* Release */,
			);
			defaultConfigurationIsVisible = 0;
			defaultConfigurationName = Debug;
		};
		OBJ_126 /* Build configuration list for PBXNativeTarget "Warp" */ = {
			isa = XCConfigurationList;
			buildConfigurations = (
				OBJ_127 /* Debug */,
				OBJ_128 /* Release */,
			);
			defaultConfigurationIsVisible = 0;
			defaultConfigurationName = Debug;
		};
		OBJ_149 /* Build configuration list for PBXNativeTarget "DLVM" */ = {
			isa = XCConfigurationList;
			buildConfigurations = (
				OBJ_150 /* Debug */,
				OBJ_151 /* Release */,
			);
			defaultConfigurationIsVisible = 0;
			defaultConfigurationName = Debug;
		};
		OBJ_175 /* Build configuration list for PBXNativeTarget "DLVMTests" */ = {
			isa = XCConfigurationList;
			buildConfigurations = (
				OBJ_176 /* Debug */,
				OBJ_177 /* Release */,
			);
			defaultConfigurationIsVisible = 0;
			defaultConfigurationName = Debug;
		};
		OBJ_2 /* Build configuration list for PBXProject "DLVM" */ = {
			isa = XCConfigurationList;
			buildConfigurations = (
				OBJ_3 /* Debug */,
				OBJ_4 /* Release */,
			);
			defaultConfigurationIsVisible = 0;
			defaultConfigurationName = Debug;
		};
		OBJ_70 /* Build configuration list for PBXNativeTarget "CuBLAS" */ = {
			isa = XCConfigurationList;
			buildConfigurations = (
				OBJ_71 /* Debug */,
				OBJ_72 /* Release */,
			);
			defaultConfigurationIsVisible = 0;
			defaultConfigurationName = Debug;
		};
		OBJ_87 /* Build configuration list for PBXNativeTarget "CUDADriver" */ = {
			isa = XCConfigurationList;
			buildConfigurations = (
				OBJ_88 /* Debug */,
				OBJ_89 /* Release */,
			);
			defaultConfigurationIsVisible = 0;
			defaultConfigurationName = Debug;
		};
/* End XCConfigurationList section */
	};
	rootObject = OBJ_1 /* Project object */;
}
