// !$*UTF8*$!
{
	archiveVersion = 1;
	classes = {
	};
	objectVersion = 46;
	objects = {

/* Begin PBXBuildFile section */
		29C4E9991E074F3C00E0DE2E /* Grammar.swift in Sources */ = {isa = PBXBuildFile; fileRef = 29C4E9961E074F2C00E0DE2E /* Grammar.swift */; };
		29C4E99E1E074F9000E0DE2E /* Grammar.swift in Sources */ = {isa = PBXBuildFile; fileRef = 29C4E99D1E074F9000E0DE2E /* Grammar.swift */; };
		29C4E9A01E074FBB00E0DE2E /* Sema.swift in Sources */ = {isa = PBXBuildFile; fileRef = 29C4E99F1E074FBB00E0DE2E /* Sema.swift */; };
		29C4E9A21E09431D00E0DE2E /* BPGen.swift in Sources */ = {isa = PBXBuildFile; fileRef = 29C4E9A11E09431D00E0DE2E /* BPGen.swift */; };
		29C4E9A41E094B2000E0DE2E /* Types.swift in Sources */ = {isa = PBXBuildFile; fileRef = 29C4E9A31E094B2000E0DE2E /* Types.swift */; };
		29C4E9A71E09545500E0DE2E /* AST.swift in Sources */ = {isa = PBXBuildFile; fileRef = 29C4E9A51E0953EA00E0DE2E /* AST.swift */; };
		OBJ_103 /* BasicBlock.swift in Sources */ = {isa = PBXBuildFile; fileRef = OBJ_28 /* BasicBlock.swift */; };
		OBJ_104 /* ExecutionEngine.swift in Sources */ = {isa = PBXBuildFile; fileRef = OBJ_29 /* ExecutionEngine.swift */; };
		OBJ_106 /* Instruction.swift in Sources */ = {isa = PBXBuildFile; fileRef = OBJ_31 /* Instruction.swift */; };
		OBJ_107 /* IR.swift in Sources */ = {isa = PBXBuildFile; fileRef = OBJ_32 /* IR.swift */; };
		OBJ_108 /* IRBuilder.swift in Sources */ = {isa = PBXBuildFile; fileRef = OBJ_33 /* IRBuilder.swift */; };
		OBJ_109 /* PrettyPrint.swift in Sources */ = {isa = PBXBuildFile; fileRef = OBJ_34 /* PrettyPrint.swift */; };
		OBJ_110 /* Tensor.swift in Sources */ = {isa = PBXBuildFile; fileRef = OBJ_35 /* Tensor.swift */; };
		OBJ_114 /* Funky.framework in Frameworks */ = {isa = PBXBuildFile; fileRef = OBJ_50 /* Funky.framework */; };
		OBJ_115 /* Parsey.framework in Frameworks */ = {isa = PBXBuildFile; fileRef = OBJ_51 /* Parsey.framework */; };
		OBJ_123 /* main.swift in Sources */ = {isa = PBXBuildFile; fileRef = OBJ_39 /* main.swift */; };
		OBJ_125 /* Funky.framework in Frameworks */ = {isa = PBXBuildFile; fileRef = OBJ_50 /* Funky.framework */; };
		OBJ_126 /* Parsey.framework in Frameworks */ = {isa = PBXBuildFile; fileRef = OBJ_51 /* Parsey.framework */; };
		OBJ_134 /* Expression.swift in Sources */ = {isa = PBXBuildFile; fileRef = OBJ_41 /* Expression.swift */; };
		OBJ_136 /* Funky.framework in Frameworks */ = {isa = PBXBuildFile; fileRef = OBJ_50 /* Funky.framework */; };
		OBJ_137 /* Parsey.framework in Frameworks */ = {isa = PBXBuildFile; fileRef = OBJ_51 /* Parsey.framework */; };
		OBJ_145 /* main.swift in Sources */ = {isa = PBXBuildFile; fileRef = OBJ_43 /* main.swift */; };
		OBJ_147 /* Funky.framework in Frameworks */ = {isa = PBXBuildFile; fileRef = OBJ_50 /* Funky.framework */; };
		OBJ_148 /* Parsey.framework in Frameworks */ = {isa = PBXBuildFile; fileRef = OBJ_51 /* Parsey.framework */; };
		OBJ_156 /* DLVMTests.swift in Sources */ = {isa = PBXBuildFile; fileRef = OBJ_46 /* DLVMTests.swift */; };
		OBJ_158 /* Funky.framework in Frameworks */ = {isa = PBXBuildFile; fileRef = OBJ_50 /* Funky.framework */; };
		OBJ_159 /* Parsey.framework in Frameworks */ = {isa = PBXBuildFile; fileRef = OBJ_51 /* Parsey.framework */; };
		OBJ_160 /* DLVM.framework in Frameworks */ = {isa = PBXBuildFile; fileRef = OBJ_53 /* DLVM.framework */; };
		OBJ_63 /* Array.swift in Sources */ = {isa = PBXBuildFile; fileRef = OBJ_9 /* Array.swift */; };
		OBJ_64 /* Associative.swift in Sources */ = {isa = PBXBuildFile; fileRef = OBJ_10 /* Associative.swift */; };
		OBJ_65 /* Collection.swift in Sources */ = {isa = PBXBuildFile; fileRef = OBJ_11 /* Collection.swift */; };
		OBJ_66 /* Function.swift in Sources */ = {isa = PBXBuildFile; fileRef = OBJ_12 /* Function.swift */; };
		OBJ_67 /* Mappable.swift in Sources */ = {isa = PBXBuildFile; fileRef = OBJ_13 /* Mappable.swift */; };
		OBJ_68 /* Numeric.swift in Sources */ = {isa = PBXBuildFile; fileRef = OBJ_14 /* Numeric.swift */; };
		OBJ_69 /* Operators.swift in Sources */ = {isa = PBXBuildFile; fileRef = OBJ_15 /* Operators.swift */; };
		OBJ_70 /* Optional.swift in Sources */ = {isa = PBXBuildFile; fileRef = OBJ_16 /* Optional.swift */; };
		OBJ_71 /* Reducible.swift in Sources */ = {isa = PBXBuildFile; fileRef = OBJ_17 /* Reducible.swift */; };
		OBJ_72 /* Set.swift in Sources */ = {isa = PBXBuildFile; fileRef = OBJ_18 /* Set.swift */; };
		OBJ_79 /* Combinators.swift in Sources */ = {isa = PBXBuildFile; fileRef = OBJ_20 /* Combinators.swift */; };
		OBJ_80 /* Error.swift in Sources */ = {isa = PBXBuildFile; fileRef = OBJ_21 /* Error.swift */; };
		OBJ_81 /* Lexer.swift in Sources */ = {isa = PBXBuildFile; fileRef = OBJ_22 /* Lexer.swift */; };
		OBJ_82 /* Location.swift in Sources */ = {isa = PBXBuildFile; fileRef = OBJ_23 /* Location.swift */; };
		OBJ_83 /* Parser.swift in Sources */ = {isa = PBXBuildFile; fileRef = OBJ_24 /* Parser.swift */; };
		OBJ_85 /* Funky.framework in Frameworks */ = {isa = PBXBuildFile; fileRef = OBJ_50 /* Funky.framework */; };
		OBJ_92 /* main.swift in Sources */ = {isa = PBXBuildFile; fileRef = OBJ_26 /* main.swift */; };
		OBJ_94 /* Funky.framework in Frameworks */ = {isa = PBXBuildFile; fileRef = OBJ_50 /* Funky.framework */; };
		OBJ_95 /* Parsey.framework in Frameworks */ = {isa = PBXBuildFile; fileRef = OBJ_51 /* Parsey.framework */; };
/* End PBXBuildFile section */

/* Begin PBXContainerItemProxy section */
		29C4E9881E074F0200E0DE2E /* PBXContainerItemProxy */ = {
			isa = PBXContainerItemProxy;
			containerPortal = OBJ_1 /* Project object */;
			proxyType = 1;
			remoteGlobalIDString = OBJ_58;
			remoteInfo = Funky;
		};
		29C4E9891E074F0200E0DE2E /* PBXContainerItemProxy */ = {
			isa = PBXContainerItemProxy;
			containerPortal = OBJ_1 /* Project object */;
			proxyType = 1;
			remoteGlobalIDString = OBJ_58;
			remoteInfo = Funky;
		};
		29C4E98A1E074F0200E0DE2E /* PBXContainerItemProxy */ = {
			isa = PBXContainerItemProxy;
			containerPortal = OBJ_1 /* Project object */;
			proxyType = 1;
			remoteGlobalIDString = OBJ_74;
			remoteInfo = Parsey;
		};
		29C4E98B1E074F0200E0DE2E /* PBXContainerItemProxy */ = {
			isa = PBXContainerItemProxy;
			containerPortal = OBJ_1 /* Project object */;
			proxyType = 1;
			remoteGlobalIDString = OBJ_58;
			remoteInfo = Funky;
		};
		29C4E98C1E074F0200E0DE2E /* PBXContainerItemProxy */ = {
			isa = PBXContainerItemProxy;
			containerPortal = OBJ_1 /* Project object */;
			proxyType = 1;
			remoteGlobalIDString = OBJ_74;
			remoteInfo = Parsey;
		};
		29C4E98D1E074F0200E0DE2E /* PBXContainerItemProxy */ = {
			isa = PBXContainerItemProxy;
			containerPortal = OBJ_1 /* Project object */;
			proxyType = 1;
			remoteGlobalIDString = OBJ_58;
			remoteInfo = Funky;
		};
		29C4E98E1E074F0200E0DE2E /* PBXContainerItemProxy */ = {
			isa = PBXContainerItemProxy;
			containerPortal = OBJ_1 /* Project object */;
			proxyType = 1;
			remoteGlobalIDString = OBJ_74;
			remoteInfo = Parsey;
		};
		29C4E98F1E074F0200E0DE2E /* PBXContainerItemProxy */ = {
			isa = PBXContainerItemProxy;
			containerPortal = OBJ_1 /* Project object */;
			proxyType = 1;
			remoteGlobalIDString = OBJ_58;
			remoteInfo = Funky;
		};
		29C4E9901E074F0200E0DE2E /* PBXContainerItemProxy */ = {
			isa = PBXContainerItemProxy;
			containerPortal = OBJ_1 /* Project object */;
			proxyType = 1;
			remoteGlobalIDString = OBJ_74;
			remoteInfo = Parsey;
		};
		29C4E9911E074F0200E0DE2E /* PBXContainerItemProxy */ = {
			isa = PBXContainerItemProxy;
			containerPortal = OBJ_1 /* Project object */;
			proxyType = 1;
			remoteGlobalIDString = OBJ_58;
			remoteInfo = Funky;
		};
		29C4E9921E074F0200E0DE2E /* PBXContainerItemProxy */ = {
			isa = PBXContainerItemProxy;
			containerPortal = OBJ_1 /* Project object */;
			proxyType = 1;
			remoteGlobalIDString = OBJ_74;
			remoteInfo = Parsey;
		};
		29C4E9931E074F0200E0DE2E /* PBXContainerItemProxy */ = {
			isa = PBXContainerItemProxy;
			containerPortal = OBJ_1 /* Project object */;
			proxyType = 1;
			remoteGlobalIDString = OBJ_58;
			remoteInfo = Funky;
		};
		29C4E9941E074F0200E0DE2E /* PBXContainerItemProxy */ = {
			isa = PBXContainerItemProxy;
			containerPortal = OBJ_1 /* Project object */;
			proxyType = 1;
			remoteGlobalIDString = OBJ_74;
			remoteInfo = Parsey;
		};
		29C4E9951E074F0200E0DE2E /* PBXContainerItemProxy */ = {
			isa = PBXContainerItemProxy;
			containerPortal = OBJ_1 /* Project object */;
			proxyType = 1;
			remoteGlobalIDString = OBJ_98;
			remoteInfo = DLVM;
		};
/* End PBXContainerItemProxy section */

/* Begin PBXFileReference section */
		29C4E9961E074F2C00E0DE2E /* Grammar.swift */ = {isa = PBXFileReference; fileEncoding = 4; lastKnownFileType = sourcecode.swift; path = Grammar.swift; sourceTree = "<group>"; };
		29C4E99D1E074F9000E0DE2E /* Grammar.swift */ = {isa = PBXFileReference; fileEncoding = 4; lastKnownFileType = sourcecode.swift; path = Grammar.swift; sourceTree = "<group>"; };
		29C4E99F1E074FBB00E0DE2E /* Sema.swift */ = {isa = PBXFileReference; fileEncoding = 4; lastKnownFileType = sourcecode.swift; path = Sema.swift; sourceTree = "<group>"; };
		29C4E9A11E09431D00E0DE2E /* BPGen.swift */ = {isa = PBXFileReference; fileEncoding = 4; lastKnownFileType = sourcecode.swift; path = BPGen.swift; sourceTree = "<group>"; };
		29C4E9A31E094B2000E0DE2E /* Types.swift */ = {isa = PBXFileReference; fileEncoding = 4; lastKnownFileType = sourcecode.swift; path = Types.swift; sourceTree = "<group>"; };
		29C4E9A51E0953EA00E0DE2E /* AST.swift */ = {isa = PBXFileReference; fileEncoding = 4; lastKnownFileType = sourcecode.swift; path = AST.swift; sourceTree = "<group>"; };
		OBJ_10 /* Associative.swift */ = {isa = PBXFileReference; lastKnownFileType = sourcecode.swift; path = Associative.swift; sourceTree = "<group>"; };
		OBJ_11 /* Collection.swift */ = {isa = PBXFileReference; lastKnownFileType = sourcecode.swift; path = Collection.swift; sourceTree = "<group>"; };
		OBJ_12 /* Function.swift */ = {isa = PBXFileReference; lastKnownFileType = sourcecode.swift; path = Function.swift; sourceTree = "<group>"; };
		OBJ_13 /* Mappable.swift */ = {isa = PBXFileReference; lastKnownFileType = sourcecode.swift; path = Mappable.swift; sourceTree = "<group>"; };
		OBJ_14 /* Numeric.swift */ = {isa = PBXFileReference; lastKnownFileType = sourcecode.swift; path = Numeric.swift; sourceTree = "<group>"; };
		OBJ_15 /* Operators.swift */ = {isa = PBXFileReference; lastKnownFileType = sourcecode.swift; path = Operators.swift; sourceTree = "<group>"; };
		OBJ_16 /* Optional.swift */ = {isa = PBXFileReference; lastKnownFileType = sourcecode.swift; path = Optional.swift; sourceTree = "<group>"; };
		OBJ_17 /* Reducible.swift */ = {isa = PBXFileReference; lastKnownFileType = sourcecode.swift; path = Reducible.swift; sourceTree = "<group>"; };
		OBJ_18 /* Set.swift */ = {isa = PBXFileReference; lastKnownFileType = sourcecode.swift; path = Set.swift; sourceTree = "<group>"; };
		OBJ_20 /* Combinators.swift */ = {isa = PBXFileReference; lastKnownFileType = sourcecode.swift; path = Combinators.swift; sourceTree = "<group>"; };
		OBJ_21 /* Error.swift */ = {isa = PBXFileReference; lastKnownFileType = sourcecode.swift; path = Error.swift; sourceTree = "<group>"; };
		OBJ_22 /* Lexer.swift */ = {isa = PBXFileReference; lastKnownFileType = sourcecode.swift; path = Lexer.swift; sourceTree = "<group>"; };
		OBJ_23 /* Location.swift */ = {isa = PBXFileReference; lastKnownFileType = sourcecode.swift; path = Location.swift; sourceTree = "<group>"; };
		OBJ_24 /* Parser.swift */ = {isa = PBXFileReference; lastKnownFileType = sourcecode.swift; path = Parser.swift; sourceTree = "<group>"; };
		OBJ_26 /* main.swift */ = {isa = PBXFileReference; lastKnownFileType = sourcecode.swift; path = main.swift; sourceTree = "<group>"; };
		OBJ_28 /* BasicBlock.swift */ = {isa = PBXFileReference; lastKnownFileType = sourcecode.swift; path = BasicBlock.swift; sourceTree = "<group>"; };
		OBJ_29 /* ExecutionEngine.swift */ = {isa = PBXFileReference; lastKnownFileType = sourcecode.swift; path = ExecutionEngine.swift; sourceTree = "<group>"; };
		OBJ_31 /* Instruction.swift */ = {isa = PBXFileReference; lastKnownFileType = sourcecode.swift; path = Instruction.swift; sourceTree = "<group>"; };
		OBJ_32 /* IR.swift */ = {isa = PBXFileReference; lastKnownFileType = sourcecode.swift; path = IR.swift; sourceTree = "<group>"; };
		OBJ_33 /* IRBuilder.swift */ = {isa = PBXFileReference; lastKnownFileType = sourcecode.swift; path = IRBuilder.swift; sourceTree = "<group>"; };
		OBJ_34 /* PrettyPrint.swift */ = {isa = PBXFileReference; lastKnownFileType = sourcecode.swift; path = PrettyPrint.swift; sourceTree = "<group>"; };
		OBJ_35 /* Tensor.swift */ = {isa = PBXFileReference; lastKnownFileType = sourcecode.swift; path = Tensor.swift; sourceTree = "<group>"; };
		OBJ_39 /* main.swift */ = {isa = PBXFileReference; lastKnownFileType = sourcecode.swift; path = main.swift; sourceTree = "<group>"; };
		OBJ_41 /* Expression.swift */ = {isa = PBXFileReference; lastKnownFileType = sourcecode.swift; path = Expression.swift; sourceTree = "<group>"; };
		OBJ_43 /* main.swift */ = {isa = PBXFileReference; lastKnownFileType = sourcecode.swift; path = main.swift; sourceTree = "<group>"; };
		OBJ_46 /* DLVMTests.swift */ = {isa = PBXFileReference; lastKnownFileType = sourcecode.swift; path = DLVMTests.swift; sourceTree = "<group>"; };
		OBJ_47 /* Build */ = {isa = PBXFileReference; lastKnownFileType = folder; path = Build; sourceTree = SOURCE_ROOT; };
		OBJ_48 /* Documentation */ = {isa = PBXFileReference; lastKnownFileType = folder; path = Documentation; sourceTree = SOURCE_ROOT; };
		OBJ_50 /* Funky.framework */ = {isa = PBXFileReference; explicitFileType = wrapper.framework; path = Funky.framework; sourceTree = BUILT_PRODUCTS_DIR; };
		OBJ_51 /* Parsey.framework */ = {isa = PBXFileReference; explicitFileType = wrapper.framework; path = Parsey.framework; sourceTree = BUILT_PRODUCTS_DIR; };
		OBJ_52 /* dlc */ = {isa = PBXFileReference; lastKnownFileType = text; path = dlc; sourceTree = BUILT_PRODUCTS_DIR; };
		OBJ_53 /* DLVM.framework */ = {isa = PBXFileReference; explicitFileType = wrapper.framework; path = DLVM.framework; sourceTree = BUILT_PRODUCTS_DIR; };
		OBJ_54 /* dlvm-dis */ = {isa = PBXFileReference; lastKnownFileType = text; path = "dlvm-dis"; sourceTree = BUILT_PRODUCTS_DIR; };
		OBJ_55 /* TEL.framework */ = {isa = PBXFileReference; lastKnownFileType = wrapper.framework; path = TEL.framework; sourceTree = BUILT_PRODUCTS_DIR; };
		OBJ_56 /* telc */ = {isa = PBXFileReference; lastKnownFileType = text; path = telc; sourceTree = BUILT_PRODUCTS_DIR; };
		OBJ_57 /* DLVMTests.xctest */ = {isa = PBXFileReference; lastKnownFileType = file; path = DLVMTests.xctest; sourceTree = BUILT_PRODUCTS_DIR; };
		OBJ_6 /* Package.swift */ = {isa = PBXFileReference; explicitFileType = sourcecode.swift; path = Package.swift; sourceTree = "<group>"; };
		OBJ_9 /* Array.swift */ = {isa = PBXFileReference; lastKnownFileType = sourcecode.swift; path = Array.swift; sourceTree = "<group>"; };
/* End PBXFileReference section */

/* Begin PBXFrameworksBuildPhase section */
		OBJ_113 /* Frameworks */ = {
			isa = PBXFrameworksBuildPhase;
			buildActionMask = 0;
			files = (
				OBJ_114 /* Funky.framework in Frameworks */,
				OBJ_115 /* Parsey.framework in Frameworks */,
			);
			runOnlyForDeploymentPostprocessing = 0;
		};
		OBJ_124 /* Frameworks */ = {
			isa = PBXFrameworksBuildPhase;
			buildActionMask = 0;
			files = (
				OBJ_125 /* Funky.framework in Frameworks */,
				OBJ_126 /* Parsey.framework in Frameworks */,
			);
			runOnlyForDeploymentPostprocessing = 0;
		};
		OBJ_135 /* Frameworks */ = {
			isa = PBXFrameworksBuildPhase;
			buildActionMask = 0;
			files = (
				OBJ_136 /* Funky.framework in Frameworks */,
				OBJ_137 /* Parsey.framework in Frameworks */,
			);
			runOnlyForDeploymentPostprocessing = 0;
		};
		OBJ_146 /* Frameworks */ = {
			isa = PBXFrameworksBuildPhase;
			buildActionMask = 0;
			files = (
				OBJ_147 /* Funky.framework in Frameworks */,
				OBJ_148 /* Parsey.framework in Frameworks */,
			);
			runOnlyForDeploymentPostprocessing = 0;
		};
		OBJ_157 /* Frameworks */ = {
			isa = PBXFrameworksBuildPhase;
			buildActionMask = 0;
			files = (
				OBJ_158 /* Funky.framework in Frameworks */,
				OBJ_159 /* Parsey.framework in Frameworks */,
				OBJ_160 /* DLVM.framework in Frameworks */,
			);
			runOnlyForDeploymentPostprocessing = 0;
		};
		OBJ_73 /* Frameworks */ = {
			isa = PBXFrameworksBuildPhase;
			buildActionMask = 0;
			files = (
			);
			runOnlyForDeploymentPostprocessing = 0;
		};
		OBJ_84 /* Frameworks */ = {
			isa = PBXFrameworksBuildPhase;
			buildActionMask = 0;
			files = (
				OBJ_85 /* Funky.framework in Frameworks */,
			);
			runOnlyForDeploymentPostprocessing = 0;
		};
		OBJ_93 /* Frameworks */ = {
			isa = PBXFrameworksBuildPhase;
			buildActionMask = 0;
			files = (
				OBJ_94 /* Funky.framework in Frameworks */,
				OBJ_95 /* Parsey.framework in Frameworks */,
			);
			runOnlyForDeploymentPostprocessing = 0;
		};
/* End PBXFrameworksBuildPhase section */

/* Begin PBXGroup section */
		OBJ_19 /* Parsey */ = {
			isa = PBXGroup;
			children = (
				OBJ_20 /* Combinators.swift */,
				OBJ_21 /* Error.swift */,
				OBJ_22 /* Lexer.swift */,
				OBJ_23 /* Location.swift */,
				OBJ_24 /* Parser.swift */,
			);
			name = Parsey;
			path = "Packages/Parsey-1.4.7/Sources";
			sourceTree = SOURCE_ROOT;
		};
		OBJ_25 /* dlc */ = {
			isa = PBXGroup;
			children = (
				OBJ_26 /* main.swift */,
			);
			name = dlc;
			path = Sources/dlc;
			sourceTree = SOURCE_ROOT;
		};
		OBJ_27 /* DLVM */ = {
			isa = PBXGroup;
			children = (
				OBJ_28 /* BasicBlock.swift */,
				OBJ_29 /* ExecutionEngine.swift */,
				OBJ_31 /* Instruction.swift */,
				OBJ_32 /* IR.swift */,
				29C4E9A11E09431D00E0DE2E /* BPGen.swift */,
				OBJ_33 /* IRBuilder.swift */,
				OBJ_34 /* PrettyPrint.swift */,
				OBJ_35 /* Tensor.swift */,
				29C4E9A31E094B2000E0DE2E /* Types.swift */,
			);
			name = DLVM;
			path = Sources/DLVM;
			sourceTree = SOURCE_ROOT;
		};
		OBJ_38 /* dlvm-dis */ = {
			isa = PBXGroup;
			children = (
				OBJ_39 /* main.swift */,
				29C4E9961E074F2C00E0DE2E /* Grammar.swift */,
			);
			name = "dlvm-dis";
			path = "Sources/dlvm-dis";
			sourceTree = SOURCE_ROOT;
		};
		OBJ_40 /* TEL */ = {
			isa = PBXGroup;
			children = (
				OBJ_41 /* Expression.swift */,
				29C4E99D1E074F9000E0DE2E /* Grammar.swift */,
				29C4E9A51E0953EA00E0DE2E /* AST.swift */,
				29C4E99F1E074FBB00E0DE2E /* Sema.swift */,
			);
			name = TEL;
			path = Sources/TEL;
			sourceTree = SOURCE_ROOT;
		};
		OBJ_42 /* telc */ = {
			isa = PBXGroup;
			children = (
				OBJ_43 /* main.swift */,
			);
			name = telc;
			path = Sources/telc;
			sourceTree = SOURCE_ROOT;
		};
		OBJ_44 /* Tests */ = {
			isa = PBXGroup;
			children = (
				OBJ_45 /* DLVMTests */,
			);
			path = Tests;
			sourceTree = "<group>";
		};
		OBJ_45 /* DLVMTests */ = {
			isa = PBXGroup;
			children = (
				OBJ_46 /* DLVMTests.swift */,
			);
			name = DLVMTests;
			path = Tests/DLVMTests;
			sourceTree = SOURCE_ROOT;
		};
		OBJ_49 /* Products */ = {
			isa = PBXGroup;
			children = (
				OBJ_50 /* Funky.framework */,
				OBJ_51 /* Parsey.framework */,
				OBJ_52 /* dlc */,
				OBJ_53 /* DLVM.framework */,
				OBJ_54 /* dlvm-dis */,
				OBJ_55 /* TEL.framework */,
				OBJ_56 /* telc */,
				OBJ_57 /* DLVMTests.xctest */,
			);
			name = Products;
			sourceTree = BUILT_PRODUCTS_DIR;
		};
		OBJ_5 /*  */ = {
			isa = PBXGroup;
			children = (
				OBJ_6 /* Package.swift */,
				OBJ_7 /* Sources */,
				OBJ_44 /* Tests */,
				OBJ_47 /* Build */,
				OBJ_48 /* Documentation */,
				OBJ_49 /* Products */,
			);
			name = "";
			sourceTree = "<group>";
		};
		OBJ_7 /* Sources */ = {
			isa = PBXGroup;
			children = (
				OBJ_8 /* Funky */,
				OBJ_19 /* Parsey */,
				OBJ_25 /* dlc */,
				OBJ_27 /* DLVM */,
				OBJ_38 /* dlvm-dis */,
				OBJ_40 /* TEL */,
				OBJ_42 /* telc */,
			);
			path = Sources;
			sourceTree = "<group>";
		};
		OBJ_8 /* Funky */ = {
			isa = PBXGroup;
			children = (
				OBJ_9 /* Array.swift */,
				OBJ_10 /* Associative.swift */,
				OBJ_11 /* Collection.swift */,
				OBJ_12 /* Function.swift */,
				OBJ_13 /* Mappable.swift */,
				OBJ_14 /* Numeric.swift */,
				OBJ_15 /* Operators.swift */,
				OBJ_16 /* Optional.swift */,
				OBJ_17 /* Reducible.swift */,
				OBJ_18 /* Set.swift */,
			);
			name = Funky;
			path = "Packages/Funky-1.0.2/Sources";
			sourceTree = SOURCE_ROOT;
		};
/* End PBXGroup section */

/* Begin PBXNativeTarget section */
		OBJ_118 /* dlvm-dis */ = {
			isa = PBXNativeTarget;
			buildConfigurationList = OBJ_119 /* Build configuration list for PBXNativeTarget "dlvm-dis" */;
			buildPhases = (
				OBJ_122 /* Sources */,
				OBJ_124 /* Frameworks */,
			);
			buildRules = (
			);
			dependencies = (
				OBJ_127 /* PBXTargetDependency */,
				OBJ_128 /* PBXTargetDependency */,
			);
			name = "dlvm-dis";
			productName = dlvm_dis;
			productReference = OBJ_54 /* dlvm-dis */;
			productType = "com.apple.product-type.tool";
		};
		OBJ_129 /* TEL */ = {
			isa = PBXNativeTarget;
			buildConfigurationList = OBJ_130 /* Build configuration list for PBXNativeTarget "TEL" */;
			buildPhases = (
				OBJ_133 /* Sources */,
				OBJ_135 /* Frameworks */,
			);
			buildRules = (
			);
			dependencies = (
				OBJ_138 /* PBXTargetDependency */,
				OBJ_139 /* PBXTargetDependency */,
			);
			name = TEL;
			productName = TEL;
			productReference = OBJ_55 /* TEL.framework */;
			productType = "com.apple.product-type.framework";
		};
		OBJ_140 /* telc */ = {
			isa = PBXNativeTarget;
			buildConfigurationList = OBJ_141 /* Build configuration list for PBXNativeTarget "telc" */;
			buildPhases = (
				OBJ_144 /* Sources */,
				OBJ_146 /* Frameworks */,
			);
			buildRules = (
			);
			dependencies = (
				OBJ_149 /* PBXTargetDependency */,
				OBJ_150 /* PBXTargetDependency */,
			);
			name = telc;
			productName = telc;
			productReference = OBJ_56 /* telc */;
			productType = "com.apple.product-type.tool";
		};
		OBJ_151 /* DLVMTests */ = {
			isa = PBXNativeTarget;
			buildConfigurationList = OBJ_152 /* Build configuration list for PBXNativeTarget "DLVMTests" */;
			buildPhases = (
				OBJ_155 /* Sources */,
				OBJ_157 /* Frameworks */,
			);
			buildRules = (
			);
			dependencies = (
				OBJ_161 /* PBXTargetDependency */,
				OBJ_162 /* PBXTargetDependency */,
				OBJ_163 /* PBXTargetDependency */,
			);
			name = DLVMTests;
			productName = DLVMTests;
			productReference = OBJ_57 /* DLVMTests.xctest */;
			productType = "com.apple.product-type.bundle.unit-test";
		};
		OBJ_58 /* Funky */ = {
			isa = PBXNativeTarget;
			buildConfigurationList = OBJ_59 /* Build configuration list for PBXNativeTarget "Funky" */;
			buildPhases = (
				OBJ_62 /* Sources */,
				OBJ_73 /* Frameworks */,
			);
			buildRules = (
			);
			dependencies = (
			);
			name = Funky;
			productName = Funky;
			productReference = OBJ_50 /* Funky.framework */;
			productType = "com.apple.product-type.framework";
		};
		OBJ_74 /* Parsey */ = {
			isa = PBXNativeTarget;
			buildConfigurationList = OBJ_75 /* Build configuration list for PBXNativeTarget "Parsey" */;
			buildPhases = (
				OBJ_78 /* Sources */,
				OBJ_84 /* Frameworks */,
			);
			buildRules = (
			);
			dependencies = (
				OBJ_86 /* PBXTargetDependency */,
			);
			name = Parsey;
			productName = Parsey;
			productReference = OBJ_51 /* Parsey.framework */;
			productType = "com.apple.product-type.framework";
		};
		OBJ_87 /* dlc */ = {
			isa = PBXNativeTarget;
			buildConfigurationList = OBJ_88 /* Build configuration list for PBXNativeTarget "dlc" */;
			buildPhases = (
				OBJ_91 /* Sources */,
				OBJ_93 /* Frameworks */,
			);
			buildRules = (
			);
			dependencies = (
				OBJ_96 /* PBXTargetDependency */,
				OBJ_97 /* PBXTargetDependency */,
			);
			name = dlc;
			productName = dlc;
			productReference = OBJ_52 /* dlc */;
			productType = "com.apple.product-type.tool";
		};
		OBJ_98 /* DLVM */ = {
			isa = PBXNativeTarget;
			buildConfigurationList = OBJ_99 /* Build configuration list for PBXNativeTarget "DLVM" */;
			buildPhases = (
				OBJ_102 /* Sources */,
				OBJ_113 /* Frameworks */,
			);
			buildRules = (
			);
			dependencies = (
				OBJ_116 /* PBXTargetDependency */,
				OBJ_117 /* PBXTargetDependency */,
			);
			name = DLVM;
			productName = DLVM;
			productReference = OBJ_53 /* DLVM.framework */;
			productType = "com.apple.product-type.framework";
		};
/* End PBXNativeTarget section */

/* Begin PBXProject section */
		OBJ_1 /* Project object */ = {
			isa = PBXProject;
			attributes = {
				LastUpgradeCheck = 9999;
			};
			buildConfigurationList = OBJ_2 /* Build configuration list for PBXProject "DLVM" */;
			compatibilityVersion = "Xcode 3.2";
			developmentRegion = English;
			hasScannedForEncodings = 0;
			knownRegions = (
				en,
			);
			mainGroup = OBJ_5 /*  */;
			productRefGroup = OBJ_49 /* Products */;
			projectDirPath = "";
			projectRoot = "";
			targets = (
				OBJ_58 /* Funky */,
				OBJ_74 /* Parsey */,
				OBJ_87 /* dlc */,
				OBJ_98 /* DLVM */,
				OBJ_118 /* dlvm-dis */,
				OBJ_129 /* TEL */,
				OBJ_140 /* telc */,
				OBJ_151 /* DLVMTests */,
			);
		};
/* End PBXProject section */

/* Begin PBXSourcesBuildPhase section */
		OBJ_102 /* Sources */ = {
			isa = PBXSourcesBuildPhase;
			buildActionMask = 0;
			files = (
				OBJ_103 /* BasicBlock.swift in Sources */,
				OBJ_104 /* ExecutionEngine.swift in Sources */,
				29C4E9A41E094B2000E0DE2E /* Types.swift in Sources */,
				29C4E9A21E09431D00E0DE2E /* BPGen.swift in Sources */,
				OBJ_106 /* Instruction.swift in Sources */,
				OBJ_107 /* IR.swift in Sources */,
				OBJ_108 /* IRBuilder.swift in Sources */,
				OBJ_109 /* PrettyPrint.swift in Sources */,
				OBJ_110 /* Tensor.swift in Sources */,
			);
			runOnlyForDeploymentPostprocessing = 0;
		};
		OBJ_122 /* Sources */ = {
			isa = PBXSourcesBuildPhase;
			buildActionMask = 0;
			files = (
				OBJ_123 /* main.swift in Sources */,
				29C4E9991E074F3C00E0DE2E /* Grammar.swift in Sources */,
			);
			runOnlyForDeploymentPostprocessing = 0;
		};
		OBJ_133 /* Sources */ = {
			isa = PBXSourcesBuildPhase;
			buildActionMask = 0;
			files = (
				29C4E9A71E09545500E0DE2E /* AST.swift in Sources */,
				OBJ_134 /* Expression.swift in Sources */,
				29C4E9A01E074FBB00E0DE2E /* Sema.swift in Sources */,
				29C4E99E1E074F9000E0DE2E /* Grammar.swift in Sources */,
			);
			runOnlyForDeploymentPostprocessing = 0;
		};
		OBJ_144 /* Sources */ = {
			isa = PBXSourcesBuildPhase;
			buildActionMask = 0;
			files = (
				OBJ_145 /* main.swift in Sources */,
			);
			runOnlyForDeploymentPostprocessing = 0;
		};
		OBJ_155 /* Sources */ = {
			isa = PBXSourcesBuildPhase;
			buildActionMask = 0;
			files = (
				OBJ_156 /* DLVMTests.swift in Sources */,
			);
			runOnlyForDeploymentPostprocessing = 0;
		};
		OBJ_62 /* Sources */ = {
			isa = PBXSourcesBuildPhase;
			buildActionMask = 0;
			files = (
				OBJ_63 /* Array.swift in Sources */,
				OBJ_64 /* Associative.swift in Sources */,
				OBJ_65 /* Collection.swift in Sources */,
				OBJ_66 /* Function.swift in Sources */,
				OBJ_67 /* Mappable.swift in Sources */,
				OBJ_68 /* Numeric.swift in Sources */,
				OBJ_69 /* Operators.swift in Sources */,
				OBJ_70 /* Optional.swift in Sources */,
				OBJ_71 /* Reducible.swift in Sources */,
				OBJ_72 /* Set.swift in Sources */,
			);
			runOnlyForDeploymentPostprocessing = 0;
		};
		OBJ_78 /* Sources */ = {
			isa = PBXSourcesBuildPhase;
			buildActionMask = 0;
			files = (
				OBJ_79 /* Combinators.swift in Sources */,
				OBJ_80 /* Error.swift in Sources */,
				OBJ_81 /* Lexer.swift in Sources */,
				OBJ_82 /* Location.swift in Sources */,
				OBJ_83 /* Parser.swift in Sources */,
			);
			runOnlyForDeploymentPostprocessing = 0;
		};
		OBJ_91 /* Sources */ = {
			isa = PBXSourcesBuildPhase;
			buildActionMask = 0;
			files = (
				OBJ_92 /* main.swift in Sources */,
			);
			runOnlyForDeploymentPostprocessing = 0;
		};
/* End PBXSourcesBuildPhase section */

/* Begin PBXTargetDependency section */
		OBJ_116 /* PBXTargetDependency */ = {
			isa = PBXTargetDependency;
			target = OBJ_58 /* Funky */;
			targetProxy = 29C4E98B1E074F0200E0DE2E /* PBXContainerItemProxy */;
		};
		OBJ_117 /* PBXTargetDependency */ = {
			isa = PBXTargetDependency;
			target = OBJ_74 /* Parsey */;
			targetProxy = 29C4E98C1E074F0200E0DE2E /* PBXContainerItemProxy */;
		};
		OBJ_127 /* PBXTargetDependency */ = {
			isa = PBXTargetDependency;
			target = OBJ_58 /* Funky */;
			targetProxy = 29C4E98D1E074F0200E0DE2E /* PBXContainerItemProxy */;
		};
		OBJ_128 /* PBXTargetDependency */ = {
			isa = PBXTargetDependency;
			target = OBJ_74 /* Parsey */;
			targetProxy = 29C4E98E1E074F0200E0DE2E /* PBXContainerItemProxy */;
		};
		OBJ_138 /* PBXTargetDependency */ = {
			isa = PBXTargetDependency;
			target = OBJ_58 /* Funky */;
			targetProxy = 29C4E98F1E074F0200E0DE2E /* PBXContainerItemProxy */;
		};
		OBJ_139 /* PBXTargetDependency */ = {
			isa = PBXTargetDependency;
			target = OBJ_74 /* Parsey */;
			targetProxy = 29C4E9901E074F0200E0DE2E /* PBXContainerItemProxy */;
		};
		OBJ_149 /* PBXTargetDependency */ = {
			isa = PBXTargetDependency;
			target = OBJ_58 /* Funky */;
			targetProxy = 29C4E9911E074F0200E0DE2E /* PBXContainerItemProxy */;
		};
		OBJ_150 /* PBXTargetDependency */ = {
			isa = PBXTargetDependency;
			target = OBJ_74 /* Parsey */;
			targetProxy = 29C4E9921E074F0200E0DE2E /* PBXContainerItemProxy */;
		};
		OBJ_161 /* PBXTargetDependency */ = {
			isa = PBXTargetDependency;
			target = OBJ_58 /* Funky */;
			targetProxy = 29C4E9931E074F0200E0DE2E /* PBXContainerItemProxy */;
		};
		OBJ_162 /* PBXTargetDependency */ = {
			isa = PBXTargetDependency;
			target = OBJ_74 /* Parsey */;
			targetProxy = 29C4E9941E074F0200E0DE2E /* PBXContainerItemProxy */;
		};
		OBJ_163 /* PBXTargetDependency */ = {
			isa = PBXTargetDependency;
			target = OBJ_98 /* DLVM */;
			targetProxy = 29C4E9951E074F0200E0DE2E /* PBXContainerItemProxy */;
		};
		OBJ_86 /* PBXTargetDependency */ = {
			isa = PBXTargetDependency;
			target = OBJ_58 /* Funky */;
			targetProxy = 29C4E9881E074F0200E0DE2E /* PBXContainerItemProxy */;
		};
		OBJ_96 /* PBXTargetDependency */ = {
			isa = PBXTargetDependency;
			target = OBJ_58 /* Funky */;
			targetProxy = 29C4E9891E074F0200E0DE2E /* PBXContainerItemProxy */;
		};
		OBJ_97 /* PBXTargetDependency */ = {
			isa = PBXTargetDependency;
			target = OBJ_74 /* Parsey */;
			targetProxy = 29C4E98A1E074F0200E0DE2E /* PBXContainerItemProxy */;
		};
/* End PBXTargetDependency section */

/* Begin XCBuildConfiguration section */
		OBJ_100 /* Debug */ = {
			isa = XCBuildConfiguration;
			buildSettings = {
				ENABLE_TESTABILITY = YES;
				FRAMEWORK_SEARCH_PATHS = (
					"$(inherited)",
					"$(PLATFORM_DIR)/Developer/Library/Frameworks",
				);
				HEADER_SEARCH_PATHS = "$(inherited)";
				INFOPLIST_FILE = DLVM.xcodeproj/DLVM_Info.plist;
				LD_RUNPATH_SEARCH_PATHS = "$(TOOLCHAIN_DIR)/usr/lib/swift/macosx";
				OTHER_LDFLAGS = "$(inherited)";
				OTHER_SWIFT_FLAGS = "$(inherited)";
				PRODUCT_BUNDLE_IDENTIFIER = DLVM;
				PRODUCT_MODULE_NAME = "$(TARGET_NAME:c99extidentifier)";
				PRODUCT_NAME = "$(TARGET_NAME:c99extidentifier)";
				TARGET_NAME = DLVM;
			};
			name = Debug;
		};
		OBJ_101 /* Release */ = {
			isa = XCBuildConfiguration;
			buildSettings = {
				ENABLE_TESTABILITY = YES;
				FRAMEWORK_SEARCH_PATHS = (
					"$(inherited)",
					"$(PLATFORM_DIR)/Developer/Library/Frameworks",
				);
				HEADER_SEARCH_PATHS = "$(inherited)";
				INFOPLIST_FILE = DLVM.xcodeproj/DLVM_Info.plist;
				LD_RUNPATH_SEARCH_PATHS = "$(TOOLCHAIN_DIR)/usr/lib/swift/macosx";
				OTHER_LDFLAGS = "$(inherited)";
				OTHER_SWIFT_FLAGS = "$(inherited)";
				PRODUCT_BUNDLE_IDENTIFIER = DLVM;
				PRODUCT_MODULE_NAME = "$(TARGET_NAME:c99extidentifier)";
				PRODUCT_NAME = "$(TARGET_NAME:c99extidentifier)";
				TARGET_NAME = DLVM;
			};
			name = Release;
		};
		OBJ_120 /* Debug */ = {
			isa = XCBuildConfiguration;
			buildSettings = {
				FRAMEWORK_SEARCH_PATHS = (
					"$(inherited)",
					"$(PLATFORM_DIR)/Developer/Library/Frameworks",
				);
				HEADER_SEARCH_PATHS = "$(inherited)";
				INFOPLIST_FILE = DLVM.xcodeproj/dlvm_dis_Info.plist;
				LD_RUNPATH_SEARCH_PATHS = "$(TOOLCHAIN_DIR)/usr/lib/swift/macosx @executable_path";
				OTHER_LDFLAGS = "$(inherited)";
				OTHER_SWIFT_FLAGS = "$(inherited)";
				SWIFT_FORCE_DYNAMIC_LINK_STDLIB = YES;
				SWIFT_FORCE_STATIC_LINK_STDLIB = NO;
				TARGET_NAME = "dlvm-dis";
			};
			name = Debug;
		};
		OBJ_121 /* Release */ = {
			isa = XCBuildConfiguration;
			buildSettings = {
				FRAMEWORK_SEARCH_PATHS = (
					"$(inherited)",
					"$(PLATFORM_DIR)/Developer/Library/Frameworks",
				);
				HEADER_SEARCH_PATHS = "$(inherited)";
				INFOPLIST_FILE = DLVM.xcodeproj/dlvm_dis_Info.plist;
				LD_RUNPATH_SEARCH_PATHS = "$(TOOLCHAIN_DIR)/usr/lib/swift/macosx @executable_path";
				OTHER_LDFLAGS = "$(inherited)";
				OTHER_SWIFT_FLAGS = "$(inherited)";
				SWIFT_FORCE_DYNAMIC_LINK_STDLIB = YES;
				SWIFT_FORCE_STATIC_LINK_STDLIB = NO;
				TARGET_NAME = "dlvm-dis";
			};
			name = Release;
		};
		OBJ_131 /* Debug */ = {
			isa = XCBuildConfiguration;
			buildSettings = {
				ENABLE_TESTABILITY = YES;
				FRAMEWORK_SEARCH_PATHS = (
					"$(inherited)",
					"$(PLATFORM_DIR)/Developer/Library/Frameworks",
				);
				HEADER_SEARCH_PATHS = "$(inherited)";
				INFOPLIST_FILE = DLVM.xcodeproj/TEL_Info.plist;
				LD_RUNPATH_SEARCH_PATHS = "$(TOOLCHAIN_DIR)/usr/lib/swift/macosx";
				OTHER_LDFLAGS = "$(inherited)";
				OTHER_SWIFT_FLAGS = "$(inherited)";
				PRODUCT_BUNDLE_IDENTIFIER = TEL;
				PRODUCT_MODULE_NAME = "$(TARGET_NAME:c99extidentifier)";
				PRODUCT_NAME = "$(TARGET_NAME:c99extidentifier)";
				TARGET_NAME = TEL;
			};
			name = Debug;
		};
		OBJ_132 /* Release */ = {
			isa = XCBuildConfiguration;
			buildSettings = {
				ENABLE_TESTABILITY = YES;
				FRAMEWORK_SEARCH_PATHS = (
					"$(inherited)",
					"$(PLATFORM_DIR)/Developer/Library/Frameworks",
				);
				HEADER_SEARCH_PATHS = "$(inherited)";
				INFOPLIST_FILE = DLVM.xcodeproj/TEL_Info.plist;
				LD_RUNPATH_SEARCH_PATHS = "$(TOOLCHAIN_DIR)/usr/lib/swift/macosx";
				OTHER_LDFLAGS = "$(inherited)";
				OTHER_SWIFT_FLAGS = "$(inherited)";
				PRODUCT_BUNDLE_IDENTIFIER = TEL;
				PRODUCT_MODULE_NAME = "$(TARGET_NAME:c99extidentifier)";
				PRODUCT_NAME = "$(TARGET_NAME:c99extidentifier)";
				TARGET_NAME = TEL;
			};
			name = Release;
		};
		OBJ_142 /* Debug */ = {
			isa = XCBuildConfiguration;
			buildSettings = {
				FRAMEWORK_SEARCH_PATHS = (
					"$(inherited)",
					"$(PLATFORM_DIR)/Developer/Library/Frameworks",
				);
				HEADER_SEARCH_PATHS = "$(inherited)";
				INFOPLIST_FILE = DLVM.xcodeproj/telc_Info.plist;
				LD_RUNPATH_SEARCH_PATHS = "$(TOOLCHAIN_DIR)/usr/lib/swift/macosx @executable_path";
				OTHER_LDFLAGS = "$(inherited)";
				OTHER_SWIFT_FLAGS = "$(inherited)";
				SWIFT_FORCE_DYNAMIC_LINK_STDLIB = YES;
				SWIFT_FORCE_STATIC_LINK_STDLIB = NO;
				TARGET_NAME = telc;
			};
			name = Debug;
		};
		OBJ_143 /* Release */ = {
			isa = XCBuildConfiguration;
			buildSettings = {
				FRAMEWORK_SEARCH_PATHS = (
					"$(inherited)",
					"$(PLATFORM_DIR)/Developer/Library/Frameworks",
				);
				HEADER_SEARCH_PATHS = "$(inherited)";
				INFOPLIST_FILE = DLVM.xcodeproj/telc_Info.plist;
				LD_RUNPATH_SEARCH_PATHS = "$(TOOLCHAIN_DIR)/usr/lib/swift/macosx @executable_path";
				OTHER_LDFLAGS = "$(inherited)";
				OTHER_SWIFT_FLAGS = "$(inherited)";
				SWIFT_FORCE_DYNAMIC_LINK_STDLIB = YES;
				SWIFT_FORCE_STATIC_LINK_STDLIB = NO;
				TARGET_NAME = telc;
			};
			name = Release;
		};
		OBJ_153 /* Debug */ = {
			isa = XCBuildConfiguration;
			buildSettings = {
				EMBEDDED_CONTENT_CONTAINS_SWIFT = YES;
				FRAMEWORK_SEARCH_PATHS = (
					"$(inherited)",
					"$(PLATFORM_DIR)/Developer/Library/Frameworks",
				);
				HEADER_SEARCH_PATHS = "$(inherited)";
				INFOPLIST_FILE = DLVM.xcodeproj/DLVMTests_Info.plist;
				LD_RUNPATH_SEARCH_PATHS = "@loader_path/../Frameworks";
				OTHER_LDFLAGS = "$(inherited)";
				OTHER_SWIFT_FLAGS = "$(inherited)";
				TARGET_NAME = DLVMTests;
			};
			name = Debug;
		};
		OBJ_154 /* Release */ = {
			isa = XCBuildConfiguration;
			buildSettings = {
				EMBEDDED_CONTENT_CONTAINS_SWIFT = YES;
				FRAMEWORK_SEARCH_PATHS = (
					"$(inherited)",
					"$(PLATFORM_DIR)/Developer/Library/Frameworks",
				);
				HEADER_SEARCH_PATHS = "$(inherited)";
				INFOPLIST_FILE = DLVM.xcodeproj/DLVMTests_Info.plist;
				LD_RUNPATH_SEARCH_PATHS = "@loader_path/../Frameworks";
				OTHER_LDFLAGS = "$(inherited)";
				OTHER_SWIFT_FLAGS = "$(inherited)";
				TARGET_NAME = DLVMTests;
			};
			name = Release;
		};
		OBJ_3 /* Debug */ = {
			isa = XCBuildConfiguration;
			buildSettings = {
				COMBINE_HIDPI_IMAGES = YES;
				COPY_PHASE_STRIP = NO;
				DEBUG_INFORMATION_FORMAT = dwarf;
				DYLIB_INSTALL_NAME_BASE = "@rpath";
				ENABLE_NS_ASSERTIONS = YES;
				GCC_OPTIMIZATION_LEVEL = 0;
				MACOSX_DEPLOYMENT_TARGET = 10.10;
				ONLY_ACTIVE_ARCH = YES;
				OTHER_SWIFT_FLAGS = "-DXcode";
				PRODUCT_NAME = "$(TARGET_NAME)";
				SDKROOT = macosx;
				SUPPORTED_PLATFORMS = "macosx iphoneos iphonesimulator appletvos appletvsimulator watchos watchsimulator";
				SWIFT_ACTIVE_COMPILATION_CONDITIONS = SWIFT_PACKAGE;
				SWIFT_OPTIMIZATION_LEVEL = "-Onone";
				SWIFT_VERSION = 3.0;
				USE_HEADERMAP = NO;
			};
			name = Debug;
		};
		OBJ_4 /* Release */ = {
			isa = XCBuildConfiguration;
			buildSettings = {
				COMBINE_HIDPI_IMAGES = YES;
				COPY_PHASE_STRIP = YES;
				DEBUG_INFORMATION_FORMAT = "dwarf-with-dsym";
				DYLIB_INSTALL_NAME_BASE = "@rpath";
				GCC_OPTIMIZATION_LEVEL = s;
				MACOSX_DEPLOYMENT_TARGET = 10.10;
				OTHER_SWIFT_FLAGS = "-DXcode";
				PRODUCT_NAME = "$(TARGET_NAME)";
				SDKROOT = macosx;
				SUPPORTED_PLATFORMS = "macosx iphoneos iphonesimulator appletvos appletvsimulator watchos watchsimulator";
				SWIFT_ACTIVE_COMPILATION_CONDITIONS = SWIFT_PACKAGE;
				SWIFT_OPTIMIZATION_LEVEL = "-O";
				SWIFT_VERSION = 3.0;
				USE_HEADERMAP = NO;
			};
			name = Release;
		};
		OBJ_60 /* Debug */ = {
			isa = XCBuildConfiguration;
			buildSettings = {
				ENABLE_TESTABILITY = YES;
				FRAMEWORK_SEARCH_PATHS = (
					"$(inherited)",
					"$(PLATFORM_DIR)/Developer/Library/Frameworks",
				);
				HEADER_SEARCH_PATHS = "$(inherited)";
				INFOPLIST_FILE = DLVM.xcodeproj/Funky_Info.plist;
				LD_RUNPATH_SEARCH_PATHS = "$(TOOLCHAIN_DIR)/usr/lib/swift/macosx";
				OTHER_LDFLAGS = "$(inherited)";
				OTHER_SWIFT_FLAGS = "$(inherited)";
				PRODUCT_BUNDLE_IDENTIFIER = Funky;
				PRODUCT_MODULE_NAME = "$(TARGET_NAME:c99extidentifier)";
				PRODUCT_NAME = "$(TARGET_NAME:c99extidentifier)";
				TARGET_NAME = Funky;
			};
			name = Debug;
		};
		OBJ_61 /* Release */ = {
			isa = XCBuildConfiguration;
			buildSettings = {
				ENABLE_TESTABILITY = YES;
				FRAMEWORK_SEARCH_PATHS = (
					"$(inherited)",
					"$(PLATFORM_DIR)/Developer/Library/Frameworks",
				);
				HEADER_SEARCH_PATHS = "$(inherited)";
				INFOPLIST_FILE = DLVM.xcodeproj/Funky_Info.plist;
				LD_RUNPATH_SEARCH_PATHS = "$(TOOLCHAIN_DIR)/usr/lib/swift/macosx";
				OTHER_LDFLAGS = "$(inherited)";
				OTHER_SWIFT_FLAGS = "$(inherited)";
				PRODUCT_BUNDLE_IDENTIFIER = Funky;
				PRODUCT_MODULE_NAME = "$(TARGET_NAME:c99extidentifier)";
				PRODUCT_NAME = "$(TARGET_NAME:c99extidentifier)";
				TARGET_NAME = Funky;
			};
			name = Release;
		};
		OBJ_76 /* Debug */ = {
			isa = XCBuildConfiguration;
			buildSettings = {
				ENABLE_TESTABILITY = YES;
				FRAMEWORK_SEARCH_PATHS = (
					"$(inherited)",
					"$(PLATFORM_DIR)/Developer/Library/Frameworks",
				);
				HEADER_SEARCH_PATHS = "$(inherited)";
				INFOPLIST_FILE = DLVM.xcodeproj/Parsey_Info.plist;
				LD_RUNPATH_SEARCH_PATHS = "$(TOOLCHAIN_DIR)/usr/lib/swift/macosx";
				OTHER_LDFLAGS = "$(inherited)";
				OTHER_SWIFT_FLAGS = "$(inherited)";
				PRODUCT_BUNDLE_IDENTIFIER = Parsey;
				PRODUCT_MODULE_NAME = "$(TARGET_NAME:c99extidentifier)";
				PRODUCT_NAME = "$(TARGET_NAME:c99extidentifier)";
				TARGET_NAME = Parsey;
			};
			name = Debug;
		};
		OBJ_77 /* Release */ = {
			isa = XCBuildConfiguration;
			buildSettings = {
				ENABLE_TESTABILITY = YES;
				FRAMEWORK_SEARCH_PATHS = (
					"$(inherited)",
					"$(PLATFORM_DIR)/Developer/Library/Frameworks",
				);
				HEADER_SEARCH_PATHS = "$(inherited)";
				INFOPLIST_FILE = DLVM.xcodeproj/Parsey_Info.plist;
				LD_RUNPATH_SEARCH_PATHS = "$(TOOLCHAIN_DIR)/usr/lib/swift/macosx";
				OTHER_LDFLAGS = "$(inherited)";
				OTHER_SWIFT_FLAGS = "$(inherited)";
				PRODUCT_BUNDLE_IDENTIFIER = Parsey;
				PRODUCT_MODULE_NAME = "$(TARGET_NAME:c99extidentifier)";
				PRODUCT_NAME = "$(TARGET_NAME:c99extidentifier)";
				TARGET_NAME = Parsey;
			};
			name = Release;
		};
		OBJ_89 /* Debug */ = {
			isa = XCBuildConfiguration;
			buildSettings = {
				FRAMEWORK_SEARCH_PATHS = (
					"$(inherited)",
					"$(PLATFORM_DIR)/Developer/Library/Frameworks",
				);
				HEADER_SEARCH_PATHS = "$(inherited)";
				INFOPLIST_FILE = DLVM.xcodeproj/dlc_Info.plist;
				LD_RUNPATH_SEARCH_PATHS = "$(TOOLCHAIN_DIR)/usr/lib/swift/macosx @executable_path";
				OTHER_LDFLAGS = "$(inherited)";
				OTHER_SWIFT_FLAGS = "$(inherited)";
				SWIFT_FORCE_DYNAMIC_LINK_STDLIB = YES;
				SWIFT_FORCE_STATIC_LINK_STDLIB = NO;
				TARGET_NAME = dlc;
			};
			name = Debug;
		};
		OBJ_90 /* Release */ = {
			isa = XCBuildConfiguration;
			buildSettings = {
				FRAMEWORK_SEARCH_PATHS = (
					"$(inherited)",
					"$(PLATFORM_DIR)/Developer/Library/Frameworks",
				);
				HEADER_SEARCH_PATHS = "$(inherited)";
				INFOPLIST_FILE = DLVM.xcodeproj/dlc_Info.plist;
				LD_RUNPATH_SEARCH_PATHS = "$(TOOLCHAIN_DIR)/usr/lib/swift/macosx @executable_path";
				OTHER_LDFLAGS = "$(inherited)";
				OTHER_SWIFT_FLAGS = "$(inherited)";
				SWIFT_FORCE_DYNAMIC_LINK_STDLIB = YES;
				SWIFT_FORCE_STATIC_LINK_STDLIB = NO;
				TARGET_NAME = dlc;
			};
			name = Release;
		};
/* End XCBuildConfiguration section */

/* Begin XCConfigurationList section */
		OBJ_119 /* Build configuration list for PBXNativeTarget "dlvm-dis" */ = {
			isa = XCConfigurationList;
			buildConfigurations = (
				OBJ_120 /* Debug */,
				OBJ_121 /* Release */,
			);
			defaultConfigurationIsVisible = 0;
			defaultConfigurationName = Debug;
		};
		OBJ_130 /* Build configuration list for PBXNativeTarget "TEL" */ = {
			isa = XCConfigurationList;
			buildConfigurations = (
				OBJ_131 /* Debug */,
				OBJ_132 /* Release */,
			);
			defaultConfigurationIsVisible = 0;
			defaultConfigurationName = Debug;
		};
		OBJ_141 /* Build configuration list for PBXNativeTarget "telc" */ = {
			isa = XCConfigurationList;
			buildConfigurations = (
				OBJ_142 /* Debug */,
				OBJ_143 /* Release */,
			);
			defaultConfigurationIsVisible = 0;
			defaultConfigurationName = Debug;
		};
		OBJ_152 /* Build configuration list for PBXNativeTarget "DLVMTests" */ = {
			isa = XCConfigurationList;
			buildConfigurations = (
				OBJ_153 /* Debug */,
				OBJ_154 /* Release */,
			);
			defaultConfigurationIsVisible = 0;
			defaultConfigurationName = Debug;
		};
		OBJ_2 /* Build configuration list for PBXProject "DLVM" */ = {
			isa = XCConfigurationList;
			buildConfigurations = (
				OBJ_3 /* Debug */,
				OBJ_4 /* Release */,
			);
			defaultConfigurationIsVisible = 0;
			defaultConfigurationName = Debug;
		};
		OBJ_59 /* Build configuration list for PBXNativeTarget "Funky" */ = {
			isa = XCConfigurationList;
			buildConfigurations = (
				OBJ_60 /* Debug */,
				OBJ_61 /* Release */,
			);
			defaultConfigurationIsVisible = 0;
			defaultConfigurationName = Debug;
		};
		OBJ_75 /* Build configuration list for PBXNativeTarget "Parsey" */ = {
			isa = XCConfigurationList;
			buildConfigurations = (
				OBJ_76 /* Debug */,
				OBJ_77 /* Release */,
			);
			defaultConfigurationIsVisible = 0;
			defaultConfigurationName = Debug;
		};
		OBJ_88 /* Build configuration list for PBXNativeTarget "dlc" */ = {
			isa = XCConfigurationList;
			buildConfigurations = (
				OBJ_89 /* Debug */,
				OBJ_90 /* Release */,
			);
			defaultConfigurationIsVisible = 0;
			defaultConfigurationName = Debug;
		};
		OBJ_99 /* Build configuration list for PBXNativeTarget "DLVM" */ = {
			isa = XCConfigurationList;
			buildConfigurations = (
				OBJ_100 /* Debug */,
				OBJ_101 /* Release */,
			);
			defaultConfigurationIsVisible = 0;
			defaultConfigurationName = Debug;
		};
/* End XCConfigurationList section */
	};
	rootObject = OBJ_1 /* Project object */;
}
